// !$*UTF8*$!
{
	archiveVersion = 1;
	classes = {
	};
	objectVersion = 46;
	objects = {

/* Begin PBXBuildFile section */
		613047D91F4DEA0A0060449E /* Circle-PNG-Image-279x279.png in Resources */ = {isa = PBXBuildFile; fileRef = 613047D81F4DEA0A0060449E /* Circle-PNG-Image-279x279.png */; };
		613047DB1F4DEBFE0060449E /* Circle-PNG-Photos-263x279.png in Resources */ = {isa = PBXBuildFile; fileRef = 613047DA1F4DEBFE0060449E /* Circle-PNG-Photos-263x279.png */; };
		613279E71F494CD000FFE45E /* Eureka.framework in Frameworks */ = {isa = PBXBuildFile; fileRef = 6134B9831F48B59D00A0DFA7 /* Eureka.framework */; };
		613279E91F494E4E00FFE45E /* NewContactViewController.swift in Sources */ = {isa = PBXBuildFile; fileRef = 613279E81F494E4E00FFE45E /* NewContactViewController.swift */; };
		6134B9761F434C6D00A0DFA7 /* splash.png in Resources */ = {isa = PBXBuildFile; fileRef = 6134B9751F434C6D00A0DFA7 /* splash.png */; };
		6134B9791F43524C00A0DFA7 /* splash1.jpg in Resources */ = {isa = PBXBuildFile; fileRef = 6134B9771F43524C00A0DFA7 /* splash1.jpg */; };
		6134B97A1F43524C00A0DFA7 /* splash.jpg in Resources */ = {isa = PBXBuildFile; fileRef = 6134B9781F43524C00A0DFA7 /* splash.jpg */; };
		6134B97F1F44B64000A0DFA7 /* autoupdate.png in Resources */ = {isa = PBXBuildFile; fileRef = 6134B97B1F44B64000A0DFA7 /* autoupdate.png */; };
		6134B9801F44B64000A0DFA7 /* block_c.png in Resources */ = {isa = PBXBuildFile; fileRef = 6134B97C1F44B64000A0DFA7 /* block_c.png */; };
		6134B9811F44B64000A0DFA7 /* phone_c.png in Resources */ = {isa = PBXBuildFile; fileRef = 6134B97D1F44B64000A0DFA7 /* phone_c.png */; };
		6134B9821F44B64000A0DFA7 /* settings_c.png in Resources */ = {isa = PBXBuildFile; fileRef = 6134B97E1F44B64000A0DFA7 /* settings_c.png */; };
		6134B9851F48B5A600A0DFA7 /* Eureka.framework in Frameworks */ = {isa = PBXBuildFile; fileRef = 6134B9831F48B59D00A0DFA7 /* Eureka.framework */; };
		6134B9861F48B5A600A0DFA7 /* Eureka.framework in Embed Frameworks */ = {isa = PBXBuildFile; fileRef = 6134B9831F48B59D00A0DFA7 /* Eureka.framework */; settings = {ATTRIBUTES = (CodeSignOnCopy, RemoveHeadersOnCopy, ); }; };
		615FBD821F2E4A360094D6EA /* SwiftValidator.framework in Frameworks */ = {isa = PBXBuildFile; fileRef = 615FBD811F2E4A350094D6EA /* SwiftValidator.framework */; };
		615FBD831F2E4A3C0094D6EA /* SwiftValidator.framework in Frameworks */ = {isa = PBXBuildFile; fileRef = 615FBD811F2E4A350094D6EA /* SwiftValidator.framework */; };
		615FBD841F2E4A3C0094D6EA /* SwiftValidator.framework in Embed Frameworks */ = {isa = PBXBuildFile; fileRef = 615FBD811F2E4A350094D6EA /* SwiftValidator.framework */; settings = {ATTRIBUTES = (CodeSignOnCopy, RemoveHeadersOnCopy, ); }; };
		615FBD8D1F2F9DFE0094D6EA /* settings.jpg in Resources */ = {isa = PBXBuildFile; fileRef = 615FBD861F2F9DFE0094D6EA /* settings.jpg */; };
		615FBD8E1F2F9DFE0094D6EA /* settings2.jpg in Resources */ = {isa = PBXBuildFile; fileRef = 615FBD871F2F9DFE0094D6EA /* settings2.jpg */; };
		615FBD8F1F2F9DFE0094D6EA /* Splashscreen-01.png in Resources */ = {isa = PBXBuildFile; fileRef = 615FBD881F2F9DFE0094D6EA /* Splashscreen-01.png */; };
		615FBD901F2F9DFE0094D6EA /* Splashscreen-02.png in Resources */ = {isa = PBXBuildFile; fileRef = 615FBD891F2F9DFE0094D6EA /* Splashscreen-02.png */; };
		615FBD911F2F9DFE0094D6EA /* Splashscreen-03.png in Resources */ = {isa = PBXBuildFile; fileRef = 615FBD8A1F2F9DFE0094D6EA /* Splashscreen-03.png */; };
		615FBD921F2F9DFE0094D6EA /* Splashscreen-04.png in Resources */ = {isa = PBXBuildFile; fileRef = 615FBD8B1F2F9DFE0094D6EA /* Splashscreen-04.png */; };
		615FBD931F2F9DFE0094D6EA /* Splashscreen-05.png in Resources */ = {isa = PBXBuildFile; fileRef = 615FBD8C1F2F9DFE0094D6EA /* Splashscreen-05.png */; };
		615FBD951F30D39E0094D6EA /* background1.jpeg in Resources */ = {isa = PBXBuildFile; fileRef = 615FBD941F30D39E0094D6EA /* background1.jpeg */; };
		615FBD971F30D4EC0094D6EA /* settings.jpeg in Resources */ = {isa = PBXBuildFile; fileRef = 615FBD961F30D4EC0094D6EA /* settings.jpeg */; };
		615FBD991F30D54D0094D6EA /* settings2.jpeg in Resources */ = {isa = PBXBuildFile; fileRef = 615FBD981F30D54D0094D6EA /* settings2.jpeg */; };
		615FBD9B1F30D6700094D6EA /* settings_ios7_ios_7.png in Resources */ = {isa = PBXBuildFile; fileRef = 615FBD9A1F30D6700094D6EA /* settings_ios7_ios_7.png */; };
		615FBD9D1F30D7280094D6EA /* phone_ios7_ios_7.png in Resources */ = {isa = PBXBuildFile; fileRef = 615FBD9C1F30D7280094D6EA /* phone_ios7_ios_7.png */; };
		615FBD9F1F30D8AE0094D6EA /* onoff.jpeg in Resources */ = {isa = PBXBuildFile; fileRef = 615FBD9E1F30D8AE0094D6EA /* onoff.jpeg */; };
		615FBDA11F30DA7C0094D6EA /* OnOffSwitch.png in Resources */ = {isa = PBXBuildFile; fileRef = 615FBDA01F30DA7C0094D6EA /* OnOffSwitch.png */; };
		615FBDA31F30DAE40094D6EA /* phone-128.png in Resources */ = {isa = PBXBuildFile; fileRef = 615FBDA21F30DAE40094D6EA /* phone-128.png */; };
		615FBDA51F30DB460094D6EA /* gear-set.png in Resources */ = {isa = PBXBuildFile; fileRef = 615FBDA41F30DB460094D6EA /* gear-set.png */; };
		615FBDA71F30DC070094D6EA /* Apps-system-software-update-icon.png in Resources */ = {isa = PBXBuildFile; fileRef = 615FBDA61F30DC070094D6EA /* Apps-system-software-update-icon.png */; };
		615FBDA91F30E1870094D6EA /* phone-call-icon.png in Resources */ = {isa = PBXBuildFile; fileRef = 615FBDA81F30E1870094D6EA /* phone-call-icon.png */; };
		615FBDAD1F30ED8B0094D6EA /* timer.png in Resources */ = {isa = PBXBuildFile; fileRef = 615FBDAC1F30ED8B0094D6EA /* timer.png */; };
		615FBDAF1F30EE310094D6EA /* timer2.png in Resources */ = {isa = PBXBuildFile; fileRef = 615FBDAE1F30EE310094D6EA /* timer2.png */; };
		615FBDB11F30EE950094D6EA /* Apps-text-editor-icon.png in Resources */ = {isa = PBXBuildFile; fileRef = 615FBDB01F30EE950094D6EA /* Apps-text-editor-icon.png */; };
		615FBDB31F30EFAF0094D6EA /* application-pencil-icon-icon.png in Resources */ = {isa = PBXBuildFile; fileRef = 615FBDB21F30EFAF0094D6EA /* application-pencil-icon-icon.png */; };
		615FBDB51F30F2800094D6EA /* 05-Edit-icon.png in Resources */ = {isa = PBXBuildFile; fileRef = 615FBDB41F30F2800094D6EA /* 05-Edit-icon.png */; };
		615FBDB71F30F48E0094D6EA /* Left_arrow-128.png in Resources */ = {isa = PBXBuildFile; fileRef = 615FBDB61F30F48E0094D6EA /* Left_arrow-128.png */; };
		615FBDB91F30F5810094D6EA /* Arrow-undo-icon.png in Resources */ = {isa = PBXBuildFile; fileRef = 615FBDB81F30F5810094D6EA /* Arrow-undo-icon.png */; };
		615FBDBB1F30F6520094D6EA /* report-go-icon.png in Resources */ = {isa = PBXBuildFile; fileRef = 615FBDBA1F30F6520094D6EA /* report-go-icon.png */; };
		61AB7D271F08B0880033D4FB /* AppDelegate.swift in Sources */ = {isa = PBXBuildFile; fileRef = 61AB7D261F08B0880033D4FB /* AppDelegate.swift */; };
		61AB7D291F08B0880033D4FB /* ViewController.swift in Sources */ = {isa = PBXBuildFile; fileRef = 61AB7D281F08B0880033D4FB /* ViewController.swift */; };
		61AB7D2C1F08B0880033D4FB /* Main.storyboard in Resources */ = {isa = PBXBuildFile; fileRef = 61AB7D2A1F08B0880033D4FB /* Main.storyboard */; };
		61AB7D2E1F08B0880033D4FB /* Assets.xcassets in Resources */ = {isa = PBXBuildFile; fileRef = 61AB7D2D1F08B0880033D4FB /* Assets.xcassets */; };
		61AB7D311F08B0880033D4FB /* LaunchScreen.storyboard in Resources */ = {isa = PBXBuildFile; fileRef = 61AB7D2F1F08B0880033D4FB /* LaunchScreen.storyboard */; };
		61AB7D3C1F08B0890033D4FB /* BlockTeleSellsTests.swift in Sources */ = {isa = PBXBuildFile; fileRef = 61AB7D3B1F08B0890033D4FB /* BlockTeleSellsTests.swift */; };
		61AB7D471F08B0890033D4FB /* BlockTeleSellsUITests.swift in Sources */ = {isa = PBXBuildFile; fileRef = 61AB7D461F08B0890033D4FB /* BlockTeleSellsUITests.swift */; };
		61AB7D5D1F08B28C0033D4FB /* ContactTableViewCell.swift in Sources */ = {isa = PBXBuildFile; fileRef = 61AB7D541F08B28C0033D4FB /* ContactTableViewCell.swift */; };
		61AB7D5E1F08B28C0033D4FB /* ContactTableViewController.swift in Sources */ = {isa = PBXBuildFile; fileRef = 61AB7D551F08B28C0033D4FB /* ContactTableViewController.swift */; };
		61AB7D601F08B28C0033D4FB /* ContactViewController.swift in Sources */ = {isa = PBXBuildFile; fileRef = 61AB7D581F08B28C0033D4FB /* ContactViewController.swift */; };
		61AB7D661F08BE690033D4FB /* MMWormhole.framework in Frameworks */ = {isa = PBXBuildFile; fileRef = 61AB7D641F08BE690033D4FB /* MMWormhole.framework */; };
		61AB7D6F1F08BE960033D4FB /* CallDirectoryHandler.swift in Sources */ = {isa = PBXBuildFile; fileRef = 61AB7D6E1F08BE960033D4FB /* CallDirectoryHandler.swift */; };
		61AB7D731F08BE960033D4FB /* BTSExtension.appex in Embed App Extensions */ = {isa = PBXBuildFile; fileRef = 61AB7D6C1F08BE960033D4FB /* BTSExtension.appex */; settings = {ATTRIBUTES = (RemoveHeadersOnCopy, ); }; };
		61AB7D781F08BEC10033D4FB /* MMWormhole.framework in Frameworks */ = {isa = PBXBuildFile; fileRef = 61AB7D641F08BE690033D4FB /* MMWormhole.framework */; };
		61AB7D791F08BEC10033D4FB /* SQLite.framework in Frameworks */ = {isa = PBXBuildFile; fileRef = 61AB7D651F08BE690033D4FB /* SQLite.framework */; };
		61AB7D7E1F08C5270033D4FB /* MMWormhole.framework in Embed Frameworks */ = {isa = PBXBuildFile; fileRef = 61AB7D641F08BE690033D4FB /* MMWormhole.framework */; settings = {ATTRIBUTES = (CodeSignOnCopy, RemoveHeadersOnCopy, ); }; };
		61AB7D7F1F08C5270033D4FB /* SQLite.framework in Frameworks */ = {isa = PBXBuildFile; fileRef = 61AB7D651F08BE690033D4FB /* SQLite.framework */; };
		61AB7D801F08C5270033D4FB /* SQLite.framework in Embed Frameworks */ = {isa = PBXBuildFile; fileRef = 61AB7D651F08BE690033D4FB /* SQLite.framework */; settings = {ATTRIBUTES = (CodeSignOnCopy, RemoveHeadersOnCopy, ); }; };
		61AB7DBA1F0957C50033D4FB /* DataManager.framework in Frameworks */ = {isa = PBXBuildFile; fileRef = 61AB7DB11F0957C40033D4FB /* DataManager.framework */; };
		61AB7DC11F0957C50033D4FB /* DataManagerTests.swift in Sources */ = {isa = PBXBuildFile; fileRef = 61AB7DC01F0957C50033D4FB /* DataManagerTests.swift */; };
		61AB7DC31F0957C50033D4FB /* DataManager.h in Headers */ = {isa = PBXBuildFile; fileRef = 61AB7DB31F0957C40033D4FB /* DataManager.h */; settings = {ATTRIBUTES = (Public, ); }; };
		61AB7DC61F0957C50033D4FB /* DataManager.framework in Frameworks */ = {isa = PBXBuildFile; fileRef = 61AB7DB11F0957C40033D4FB /* DataManager.framework */; };
		61AB7DC71F0957C50033D4FB /* DataManager.framework in Embed Frameworks */ = {isa = PBXBuildFile; fileRef = 61AB7DB11F0957C40033D4FB /* DataManager.framework */; settings = {ATTRIBUTES = (CodeSignOnCopy, RemoveHeadersOnCopy, ); }; };
		61AB7DCF1F0957E00033D4FB /* LocalDataManager.swift in Sources */ = {isa = PBXBuildFile; fileRef = 61AB7DCE1F0957E00033D4FB /* LocalDataManager.swift */; };
		61AB7DD01F0958380033D4FB /* SQLite.framework in Frameworks */ = {isa = PBXBuildFile; fileRef = 61AB7D651F08BE690033D4FB /* SQLite.framework */; };
		61AB7DD31F0958690033D4FB /* Caller.swift in Sources */ = {isa = PBXBuildFile; fileRef = 61AB7DD21F0958690033D4FB /* Caller.swift */; };
		61AB7DD41F0959B20033D4FB /* DataManager.framework in Frameworks */ = {isa = PBXBuildFile; fileRef = 61AB7DB11F0957C40033D4FB /* DataManager.framework */; };
		61AB7DD61F0E8C720033D4FB /* MainViewController.swift in Sources */ = {isa = PBXBuildFile; fileRef = 61AB7DD51F0E8C720033D4FB /* MainViewController.swift */; };
		61AB7DD91F0E9B820033D4FB /* settings.jpg in Resources */ = {isa = PBXBuildFile; fileRef = 61AB7DD81F0E9B820033D4FB /* settings.jpg */; };
		61AB7DDB1F0E9C100033D4FB /* settings2.jpg in Resources */ = {isa = PBXBuildFile; fileRef = 61AB7DDA1F0E9C100033D4FB /* settings2.jpg */; };
		61AB7DE01F0EAB7C0033D4FB /* DataService.swift in Sources */ = {isa = PBXBuildFile; fileRef = 61AB7DDF1F0EAB7C0033D4FB /* DataService.swift */; };
		61AB7DE21F0EAC220033D4FB /* Alamofire.framework in Frameworks */ = {isa = PBXBuildFile; fileRef = 61AB7DE11F0EAC220033D4FB /* Alamofire.framework */; };
		61AB7DE31F0EAEC90033D4FB /* Alamofire.framework in Frameworks */ = {isa = PBXBuildFile; fileRef = 61AB7DE11F0EAC220033D4FB /* Alamofire.framework */; };
		61AB7DE51F0EAECF0033D4FB /* Alamofire.framework in Embed Frameworks */ = {isa = PBXBuildFile; fileRef = 61AB7DE11F0EAC220033D4FB /* Alamofire.framework */; settings = {ATTRIBUTES = (CodeSignOnCopy, RemoveHeadersOnCopy, ); }; };
		61AB7DE71F149A700033D4FB /* SwiftyJSON.framework in Frameworks */ = {isa = PBXBuildFile; fileRef = 61AB7DE61F149A700033D4FB /* SwiftyJSON.framework */; };
		61AB7DE91F149A740033D4FB /* SwiftyJSON.framework in Embed Frameworks */ = {isa = PBXBuildFile; fileRef = 61AB7DE61F149A700033D4FB /* SwiftyJSON.framework */; settings = {ATTRIBUTES = (CodeSignOnCopy, RemoveHeadersOnCopy, ); }; };
		61AB7DEA1F149A980033D4FB /* SwiftyJSON.framework in Frameworks */ = {isa = PBXBuildFile; fileRef = 61AB7DE61F149A700033D4FB /* SwiftyJSON.framework */; };
		61AB7DEC1F14D6C40033D4FB /* ObjectMapper.framework in Frameworks */ = {isa = PBXBuildFile; fileRef = 61AB7DEB1F14D6C40033D4FB /* ObjectMapper.framework */; };
		61AB7DED1F14D6F20033D4FB /* ObjectMapper.framework in Frameworks */ = {isa = PBXBuildFile; fileRef = 61AB7DEB1F14D6C40033D4FB /* ObjectMapper.framework */; };
		61AB7DEF1F14D7060033D4FB /* ObjectMapper.framework in Embed Frameworks */ = {isa = PBXBuildFile; fileRef = 61AB7DEB1F14D6C40033D4FB /* ObjectMapper.framework */; settings = {ATTRIBUTES = (CodeSignOnCopy, RemoveHeadersOnCopy, ); }; };
		61AB7DF11F14EB040033D4FB /* AlamofireObjectMapper.framework in Frameworks */ = {isa = PBXBuildFile; fileRef = 61AB7DF01F14EB040033D4FB /* AlamofireObjectMapper.framework */; };
		61AB7DF31F14EB090033D4FB /* AlamofireObjectMapper.framework in Embed Frameworks */ = {isa = PBXBuildFile; fileRef = 61AB7DF01F14EB040033D4FB /* AlamofireObjectMapper.framework */; settings = {ATTRIBUTES = (CodeSignOnCopy, RemoveHeadersOnCopy, ); }; };
		61AB7DF41F14EB720033D4FB /* AlamofireObjectMapper.framework in Frameworks */ = {isa = PBXBuildFile; fileRef = 61AB7DF01F14EB040033D4FB /* AlamofireObjectMapper.framework */; };
		61AB7DF91F17D40A0033D4FB /* DataHelperProtocol.swift in Sources */ = {isa = PBXBuildFile; fileRef = 61AB7DF81F17D40A0033D4FB /* DataHelperProtocol.swift */; };
		61AB7DFB1F17D4430033D4FB /* CallerDataHelper.swift in Sources */ = {isa = PBXBuildFile; fileRef = 61AB7DFA1F17D4430033D4FB /* CallerDataHelper.swift */; };
		61AB7DFD1F17D48B0033D4FB /* SQLiteDataStore.swift in Sources */ = {isa = PBXBuildFile; fileRef = 61AB7DFC1F17D48B0033D4FB /* SQLiteDataStore.swift */; };
		61AB7DFF1F17D5B40033D4FB /* DataAccessError.swift in Sources */ = {isa = PBXBuildFile; fileRef = 61AB7DFE1F17D5B40033D4FB /* DataAccessError.swift */; };
		61AB7E041F193C7F0033D4FB /* Constants.swift in Sources */ = {isa = PBXBuildFile; fileRef = 61AB7E031F193C7F0033D4FB /* Constants.swift */; };
		61AB7E081F19477A0033D4FB /* Cartfile in Resources */ = {isa = PBXBuildFile; fileRef = 61AB7E071F19477A0033D4FB /* Cartfile */; };
		61AB7E0B1F19D1E60033D4FB /* MRCountryPicker.framework in Frameworks */ = {isa = PBXBuildFile; fileRef = 61AB7E091F19D1DF0033D4FB /* MRCountryPicker.framework */; };
		61AB7E0C1F19D1E60033D4FB /* MRCountryPicker.framework in Embed Frameworks */ = {isa = PBXBuildFile; fileRef = 61AB7E091F19D1DF0033D4FB /* MRCountryPicker.framework */; settings = {ATTRIBUTES = (CodeSignOnCopy, RemoveHeadersOnCopy, ); }; };
		61AB7E0F1F19F5570033D4FB /* CategoryDataHelper.swift in Sources */ = {isa = PBXBuildFile; fileRef = 61AB7E0E1F19F5570033D4FB /* CategoryDataHelper.swift */; };
		61AB7E111F19F6020033D4FB /* Category.swift in Sources */ = {isa = PBXBuildFile; fileRef = 61AB7E101F19F6020033D4FB /* Category.swift */; };
		61AB7E131F1A192F0033D4FB /* Reachability.framework in Frameworks */ = {isa = PBXBuildFile; fileRef = 61AB7E121F1A192F0033D4FB /* Reachability.framework */; };
		61AB7E141F1A197A0033D4FB /* Reachability.framework in Frameworks */ = {isa = PBXBuildFile; fileRef = 61AB7E121F1A192F0033D4FB /* Reachability.framework */; };
		61AB7E151F1A197A0033D4FB /* Reachability.framework in Embed Frameworks */ = {isa = PBXBuildFile; fileRef = 61AB7E121F1A192F0033D4FB /* Reachability.framework */; settings = {ATTRIBUTES = (CodeSignOnCopy, RemoveHeadersOnCopy, ); }; };
		61AB7E171F1A7F090033D4FB /* SwiftyUserDefaults.framework in Frameworks */ = {isa = PBXBuildFile; fileRef = 61AB7E161F1A7F090033D4FB /* SwiftyUserDefaults.framework */; };
		61AB7E181F1A7F150033D4FB /* SwiftyUserDefaults.framework in Frameworks */ = {isa = PBXBuildFile; fileRef = 61AB7E161F1A7F090033D4FB /* SwiftyUserDefaults.framework */; };
		61AB7E191F1A7F150033D4FB /* SwiftyUserDefaults.framework in Embed Frameworks */ = {isa = PBXBuildFile; fileRef = 61AB7E161F1A7F090033D4FB /* SwiftyUserDefaults.framework */; settings = {ATTRIBUTES = (CodeSignOnCopy, RemoveHeadersOnCopy, ); }; };
		61AB7E1B1F1BCF230033D4FB /* Configuration.swift in Sources */ = {isa = PBXBuildFile; fileRef = 61AB7E1A1F1BCF230033D4FB /* Configuration.swift */; };
		61AB7E1D1F1BD04A0033D4FB /* Common.swift in Sources */ = {isa = PBXBuildFile; fileRef = 61AB7E1C1F1BD04A0033D4FB /* Common.swift */; };
		61AB7E211F226F610033D4FB /* NetworkManager.swift in Sources */ = {isa = PBXBuildFile; fileRef = 61AB7E201F226F610033D4FB /* NetworkManager.swift */; };
		61B0CB371F23C6B800F7D824 /* JSONStringArrayEncoding.swift in Sources */ = {isa = PBXBuildFile; fileRef = 61B0CB361F23C6B800F7D824 /* JSONStringArrayEncoding.swift */; };
		61C7D7FA1F2A4FAD004DEBFA /* CallerCategory.swift in Sources */ = {isa = PBXBuildFile; fileRef = 61C7D7F91F2A4FAD004DEBFA /* CallerCategory.swift */; };
		61C7D7FC1F2A513F004DEBFA /* CallerCategoryDataHelper.swift in Sources */ = {isa = PBXBuildFile; fileRef = 61C7D7FB1F2A513F004DEBFA /* CallerCategoryDataHelper.swift */; };
		61D2A2131F49F7E300844DE1 /* Presentation.framework in Frameworks */ = {isa = PBXBuildFile; fileRef = 61D2A20D1F49F52A00844DE1 /* Presentation.framework */; };
		61D2A2141F49F7EA00844DE1 /* Presentation.framework in Frameworks */ = {isa = PBXBuildFile; fileRef = 61D2A20D1F49F52A00844DE1 /* Presentation.framework */; };
		61D2A2151F49F7EA00844DE1 /* Presentation.framework in Embed Frameworks */ = {isa = PBXBuildFile; fileRef = 61D2A20D1F49F52A00844DE1 /* Presentation.framework */; settings = {ATTRIBUTES = (CodeSignOnCopy, RemoveHeadersOnCopy, ); }; };
		61D2A2171F49FD2900844DE1 /* Pages.framework in Frameworks */ = {isa = PBXBuildFile; fileRef = 61D2A2161F49FD2900844DE1 /* Pages.framework */; };
		61D2A2191F49FD3F00844DE1 /* Cartography.framework in Frameworks */ = {isa = PBXBuildFile; fileRef = 61D2A2181F49FD3F00844DE1 /* Cartography.framework */; };
		61D2A21A1F49FD4400844DE1 /* Cartography.framework in Frameworks */ = {isa = PBXBuildFile; fileRef = 61D2A2181F49FD3F00844DE1 /* Cartography.framework */; };
		61D2A21B1F49FD4400844DE1 /* Cartography.framework in Embed Frameworks */ = {isa = PBXBuildFile; fileRef = 61D2A2181F49FD3F00844DE1 /* Cartography.framework */; settings = {ATTRIBUTES = (CodeSignOnCopy, RemoveHeadersOnCopy, ); }; };
		61D2A21C1F49FD4400844DE1 /* Pages.framework in Frameworks */ = {isa = PBXBuildFile; fileRef = 61D2A2161F49FD2900844DE1 /* Pages.framework */; };
		61D2A21D1F49FD4400844DE1 /* Pages.framework in Embed Frameworks */ = {isa = PBXBuildFile; fileRef = 61D2A2161F49FD2900844DE1 /* Pages.framework */; settings = {ATTRIBUTES = (CodeSignOnCopy, RemoveHeadersOnCopy, ); }; };
		61D2A2211F49FF1000844DE1 /* Phien_guideline_1.png in Resources */ = {isa = PBXBuildFile; fileRef = 61D2A21E1F49FF1000844DE1 /* Phien_guideline_1.png */; };
		61D2A2221F49FF1000844DE1 /* Phien_guideline_2.png in Resources */ = {isa = PBXBuildFile; fileRef = 61D2A21F1F49FF1000844DE1 /* Phien_guideline_2.png */; };
		61D2A2231F49FF1000844DE1 /* Phien_guideline_3.png in Resources */ = {isa = PBXBuildFile; fileRef = 61D2A2201F49FF1000844DE1 /* Phien_guideline_3.png */; };
		61D2A2251F4B5E1700844DE1 /* Guideline.swift in Sources */ = {isa = PBXBuildFile; fileRef = 61D2A2241F4B5E1700844DE1 /* Guideline.swift */; };
		61DE17AF1F34DDCF00C32723 /* Device.swift in Sources */ = {isa = PBXBuildFile; fileRef = 61DE17AE1F34DDCF00C32723 /* Device.swift */; };
		61DE17B21F3583ED00C32723 /* PhoneNumberKit.framework in Frameworks */ = {isa = PBXBuildFile; fileRef = 61DE17B01F3583E200C32723 /* PhoneNumberKit.framework */; };
		61DE17B31F3583ED00C32723 /* PhoneNumberKit.framework in Embed Frameworks */ = {isa = PBXBuildFile; fileRef = 61DE17B01F3583E200C32723 /* PhoneNumberKit.framework */; settings = {ATTRIBUTES = (CodeSignOnCopy, RemoveHeadersOnCopy, ); }; };
		61DE17B51F35A3E500C32723 /* Data-List-icon.png in Resources */ = {isa = PBXBuildFile; fileRef = 61DE17B41F35A3E500C32723 /* Data-List-icon.png */; };
		61DE17BA1F3A20A300C32723 /* info-icon.png in Resources */ = {isa = PBXBuildFile; fileRef = 61DE17B91F3A20A300C32723 /* info-icon.png */; };
		61DE17BC1F3A218E00C32723 /* Help-icon.png in Resources */ = {isa = PBXBuildFile; fileRef = 61DE17BB1F3A218E00C32723 /* Help-icon.png */; };
		61DE17BE1F3A291C00C32723 /* SettingsViewController.swift in Sources */ = {isa = PBXBuildFile; fileRef = 61DE17BD1F3A291C00C32723 /* SettingsViewController.swift */; };
		61DE17CF1F3E20DF00C32723 /* main_bg.png in Resources */ = {isa = PBXBuildFile; fileRef = 61DE17CD1F3E20DF00C32723 /* main_bg.png */; };
		61DE17D01F3E20DF00C32723 /* new_bk_final_choice.png in Resources */ = {isa = PBXBuildFile; fileRef = 61DE17CE1F3E20DF00C32723 /* new_bk_final_choice.png */; };
		61DE17EB1F41FD4100C32723 /* arrow2424.png in Resources */ = {isa = PBXBuildFile; fileRef = 61DE17E71F41FD4100C32723 /* arrow2424.png */; };
		61DE17EC1F41FD4100C32723 /* hoi2424.png in Resources */ = {isa = PBXBuildFile; fileRef = 61DE17E81F41FD4100C32723 /* hoi2424.png */; };
		61DE17ED1F41FD4100C32723 /* note2424.png in Resources */ = {isa = PBXBuildFile; fileRef = 61DE17E91F41FD4100C32723 /* note2424.png */; };
		61DE17EE1F41FD4100C32723 /* save.png in Resources */ = {isa = PBXBuildFile; fileRef = 61DE17EA1F41FD4100C32723 /* save.png */; };
		61E111321F51480600BE64F7 /* Eureka.framework in Frameworks */ = {isa = PBXBuildFile; fileRef = 6134B9831F48B59D00A0DFA7 /* Eureka.framework */; };
		61E111331F5172CF00BE64F7 /* PhoneNumberKit.framework in Frameworks */ = {isa = PBXBuildFile; fileRef = 61DE17B01F3583E200C32723 /* PhoneNumberKit.framework */; };
		61EA126A1F507DDE0092FDC2 /* ActionViewController.swift in Sources */ = {isa = PBXBuildFile; fileRef = 61EA12691F507DDE0092FDC2 /* ActionViewController.swift */; };
		61EA126D1F507DDE0092FDC2 /* MainInterface.storyboard in Resources */ = {isa = PBXBuildFile; fileRef = 61EA126B1F507DDE0092FDC2 /* MainInterface.storyboard */; };
		61EA12711F507DDE0092FDC2 /* PhienAction.appex in Embed App Extensions */ = {isa = PBXBuildFile; fileRef = 61EA12671F507DDE0092FDC2 /* PhienAction.appex */; settings = {ATTRIBUTES = (RemoveHeadersOnCopy, ); }; };
		61EA12771F5092950092FDC2 /* Contacts.framework in Frameworks */ = {isa = PBXBuildFile; fileRef = 61EA12751F5092950092FDC2 /* Contacts.framework */; };
		61EA12781F5092950092FDC2 /* ContactsUI.framework in Frameworks */ = {isa = PBXBuildFile; fileRef = 61EA12761F5092950092FDC2 /* ContactsUI.framework */; };
/* End PBXBuildFile section */

/* Begin PBXContainerItemProxy section */
		61AB7D381F08B0890033D4FB /* PBXContainerItemProxy */ = {
			isa = PBXContainerItemProxy;
			containerPortal = 61AB7D1B1F08B0880033D4FB /* Project object */;
			proxyType = 1;
			remoteGlobalIDString = 61AB7D221F08B0880033D4FB;
			remoteInfo = BlockTeleSells;
		};
		61AB7D431F08B0890033D4FB /* PBXContainerItemProxy */ = {
			isa = PBXContainerItemProxy;
			containerPortal = 61AB7D1B1F08B0880033D4FB /* Project object */;
			proxyType = 1;
			remoteGlobalIDString = 61AB7D221F08B0880033D4FB;
			remoteInfo = BlockTeleSells;
		};
		61AB7D711F08BE960033D4FB /* PBXContainerItemProxy */ = {
			isa = PBXContainerItemProxy;
			containerPortal = 61AB7D1B1F08B0880033D4FB /* Project object */;
			proxyType = 1;
			remoteGlobalIDString = 61AB7D6B1F08BE960033D4FB;
			remoteInfo = BTSExtension;
		};
		61AB7DBB1F0957C50033D4FB /* PBXContainerItemProxy */ = {
			isa = PBXContainerItemProxy;
			containerPortal = 61AB7D1B1F08B0880033D4FB /* Project object */;
			proxyType = 1;
			remoteGlobalIDString = 61AB7DB01F0957C40033D4FB;
			remoteInfo = DataManager;
		};
		61AB7DBD1F0957C50033D4FB /* PBXContainerItemProxy */ = {
			isa = PBXContainerItemProxy;
			containerPortal = 61AB7D1B1F08B0880033D4FB /* Project object */;
			proxyType = 1;
			remoteGlobalIDString = 61AB7D221F08B0880033D4FB;
			remoteInfo = BlockTeleSells;
		};
		61AB7DC41F0957C50033D4FB /* PBXContainerItemProxy */ = {
			isa = PBXContainerItemProxy;
			containerPortal = 61AB7D1B1F08B0880033D4FB /* Project object */;
			proxyType = 1;
			remoteGlobalIDString = 61AB7DB01F0957C40033D4FB;
			remoteInfo = DataManager;
		};
		61EA126F1F507DDE0092FDC2 /* PBXContainerItemProxy */ = {
			isa = PBXContainerItemProxy;
			containerPortal = 61AB7D1B1F08B0880033D4FB /* Project object */;
			proxyType = 1;
			remoteGlobalIDString = 61EA12661F507DDE0092FDC2;
			remoteInfo = PhienAction;
		};
/* End PBXContainerItemProxy section */

/* Begin PBXCopyFilesBuildPhase section */
		61AB7D771F08BE960033D4FB /* Embed App Extensions */ = {
			isa = PBXCopyFilesBuildPhase;
			buildActionMask = 2147483647;
			dstPath = "";
			dstSubfolderSpec = 13;
			files = (
				61AB7D731F08BE960033D4FB /* BTSExtension.appex in Embed App Extensions */,
				61EA12711F507DDE0092FDC2 /* PhienAction.appex in Embed App Extensions */,
			);
			name = "Embed App Extensions";
			runOnlyForDeploymentPostprocessing = 0;
		};
		61AB7D811F08C5280033D4FB /* Embed Frameworks */ = {
			isa = PBXCopyFilesBuildPhase;
			buildActionMask = 2147483647;
			dstPath = "";
			dstSubfolderSpec = 10;
			files = (
				61AB7DEF1F14D7060033D4FB /* ObjectMapper.framework in Embed Frameworks */,
				61AB7DF31F14EB090033D4FB /* AlamofireObjectMapper.framework in Embed Frameworks */,
				61D2A21B1F49FD4400844DE1 /* Cartography.framework in Embed Frameworks */,
				61AB7DC71F0957C50033D4FB /* DataManager.framework in Embed Frameworks */,
				61DE17B31F3583ED00C32723 /* PhoneNumberKit.framework in Embed Frameworks */,
				61AB7E191F1A7F150033D4FB /* SwiftyUserDefaults.framework in Embed Frameworks */,
				61AB7D801F08C5270033D4FB /* SQLite.framework in Embed Frameworks */,
				61AB7E151F1A197A0033D4FB /* Reachability.framework in Embed Frameworks */,
				61AB7D7E1F08C5270033D4FB /* MMWormhole.framework in Embed Frameworks */,
				615FBD841F2E4A3C0094D6EA /* SwiftValidator.framework in Embed Frameworks */,
				61AB7DE51F0EAECF0033D4FB /* Alamofire.framework in Embed Frameworks */,
				61D2A21D1F49FD4400844DE1 /* Pages.framework in Embed Frameworks */,
				6134B9861F48B5A600A0DFA7 /* Eureka.framework in Embed Frameworks */,
				61AB7E0C1F19D1E60033D4FB /* MRCountryPicker.framework in Embed Frameworks */,
				61D2A2151F49F7EA00844DE1 /* Presentation.framework in Embed Frameworks */,
				61AB7DE91F149A740033D4FB /* SwiftyJSON.framework in Embed Frameworks */,
			);
			name = "Embed Frameworks";
			runOnlyForDeploymentPostprocessing = 0;
		};
/* End PBXCopyFilesBuildPhase section */

/* Begin PBXFileReference section */
		613047D81F4DEA0A0060449E /* Circle-PNG-Image-279x279.png */ = {isa = PBXFileReference; lastKnownFileType = image.png; path = "Circle-PNG-Image-279x279.png"; sourceTree = "<group>"; };
		613047DA1F4DEBFE0060449E /* Circle-PNG-Photos-263x279.png */ = {isa = PBXFileReference; lastKnownFileType = image.png; path = "Circle-PNG-Photos-263x279.png"; sourceTree = "<group>"; };
		613279E81F494E4E00FFE45E /* NewContactViewController.swift */ = {isa = PBXFileReference; fileEncoding = 4; lastKnownFileType = sourcecode.swift; path = NewContactViewController.swift; sourceTree = "<group>"; };
		6134B9751F434C6D00A0DFA7 /* splash.png */ = {isa = PBXFileReference; lastKnownFileType = image.png; path = splash.png; sourceTree = "<group>"; };
		6134B9771F43524C00A0DFA7 /* splash1.jpg */ = {isa = PBXFileReference; lastKnownFileType = image.jpeg; path = splash1.jpg; sourceTree = "<group>"; };
		6134B9781F43524C00A0DFA7 /* splash.jpg */ = {isa = PBXFileReference; lastKnownFileType = image.jpeg; path = splash.jpg; sourceTree = "<group>"; };
		6134B97B1F44B64000A0DFA7 /* autoupdate.png */ = {isa = PBXFileReference; lastKnownFileType = image.png; path = autoupdate.png; sourceTree = "<group>"; };
		6134B97C1F44B64000A0DFA7 /* block_c.png */ = {isa = PBXFileReference; lastKnownFileType = image.png; path = block_c.png; sourceTree = "<group>"; };
		6134B97D1F44B64000A0DFA7 /* phone_c.png */ = {isa = PBXFileReference; lastKnownFileType = image.png; path = phone_c.png; sourceTree = "<group>"; };
		6134B97E1F44B64000A0DFA7 /* settings_c.png */ = {isa = PBXFileReference; lastKnownFileType = image.png; path = settings_c.png; sourceTree = "<group>"; };
		6134B9831F48B59D00A0DFA7 /* Eureka.framework */ = {isa = PBXFileReference; lastKnownFileType = wrapper.framework; name = Eureka.framework; path = Carthage/Build/iOS/Eureka.framework; sourceTree = "<group>"; };
		615FBD811F2E4A350094D6EA /* SwiftValidator.framework */ = {isa = PBXFileReference; lastKnownFileType = wrapper.framework; name = SwiftValidator.framework; path = Carthage/Build/iOS/SwiftValidator.framework; sourceTree = "<group>"; };
		615FBD861F2F9DFE0094D6EA /* settings.jpg */ = {isa = PBXFileReference; lastKnownFileType = image.jpeg; path = settings.jpg; sourceTree = "<group>"; };
		615FBD871F2F9DFE0094D6EA /* settings2.jpg */ = {isa = PBXFileReference; lastKnownFileType = image.jpeg; path = settings2.jpg; sourceTree = "<group>"; };
		615FBD881F2F9DFE0094D6EA /* Splashscreen-01.png */ = {isa = PBXFileReference; lastKnownFileType = image.png; path = "Splashscreen-01.png"; sourceTree = "<group>"; };
		615FBD891F2F9DFE0094D6EA /* Splashscreen-02.png */ = {isa = PBXFileReference; lastKnownFileType = image.png; path = "Splashscreen-02.png"; sourceTree = "<group>"; };
		615FBD8A1F2F9DFE0094D6EA /* Splashscreen-03.png */ = {isa = PBXFileReference; lastKnownFileType = image.png; path = "Splashscreen-03.png"; sourceTree = "<group>"; };
		615FBD8B1F2F9DFE0094D6EA /* Splashscreen-04.png */ = {isa = PBXFileReference; lastKnownFileType = image.png; path = "Splashscreen-04.png"; sourceTree = "<group>"; };
		615FBD8C1F2F9DFE0094D6EA /* Splashscreen-05.png */ = {isa = PBXFileReference; lastKnownFileType = image.png; path = "Splashscreen-05.png"; sourceTree = "<group>"; };
		615FBD941F30D39E0094D6EA /* background1.jpeg */ = {isa = PBXFileReference; lastKnownFileType = image.jpeg; path = background1.jpeg; sourceTree = "<group>"; };
		615FBD961F30D4EC0094D6EA /* settings.jpeg */ = {isa = PBXFileReference; lastKnownFileType = image.jpeg; path = settings.jpeg; sourceTree = "<group>"; };
		615FBD981F30D54D0094D6EA /* settings2.jpeg */ = {isa = PBXFileReference; lastKnownFileType = image.jpeg; path = settings2.jpeg; sourceTree = "<group>"; };
		615FBD9A1F30D6700094D6EA /* settings_ios7_ios_7.png */ = {isa = PBXFileReference; lastKnownFileType = image.png; path = settings_ios7_ios_7.png; sourceTree = "<group>"; };
		615FBD9C1F30D7280094D6EA /* phone_ios7_ios_7.png */ = {isa = PBXFileReference; lastKnownFileType = image.png; path = phone_ios7_ios_7.png; sourceTree = "<group>"; };
		615FBD9E1F30D8AE0094D6EA /* onoff.jpeg */ = {isa = PBXFileReference; lastKnownFileType = image.jpeg; path = onoff.jpeg; sourceTree = "<group>"; };
		615FBDA01F30DA7C0094D6EA /* OnOffSwitch.png */ = {isa = PBXFileReference; lastKnownFileType = image.png; path = OnOffSwitch.png; sourceTree = "<group>"; };
		615FBDA21F30DAE40094D6EA /* phone-128.png */ = {isa = PBXFileReference; lastKnownFileType = image.png; path = "phone-128.png"; sourceTree = "<group>"; };
		615FBDA41F30DB460094D6EA /* gear-set.png */ = {isa = PBXFileReference; lastKnownFileType = image.png; path = "gear-set.png"; sourceTree = "<group>"; };
		615FBDA61F30DC070094D6EA /* Apps-system-software-update-icon.png */ = {isa = PBXFileReference; lastKnownFileType = image.png; path = "Apps-system-software-update-icon.png"; sourceTree = "<group>"; };
		615FBDA81F30E1870094D6EA /* phone-call-icon.png */ = {isa = PBXFileReference; lastKnownFileType = image.png; path = "phone-call-icon.png"; sourceTree = "<group>"; };
		615FBDAC1F30ED8B0094D6EA /* timer.png */ = {isa = PBXFileReference; lastKnownFileType = image.png; path = timer.png; sourceTree = "<group>"; };
		615FBDAE1F30EE310094D6EA /* timer2.png */ = {isa = PBXFileReference; lastKnownFileType = image.png; path = timer2.png; sourceTree = "<group>"; };
		615FBDB01F30EE950094D6EA /* Apps-text-editor-icon.png */ = {isa = PBXFileReference; lastKnownFileType = image.png; path = "Apps-text-editor-icon.png"; sourceTree = "<group>"; };
		615FBDB21F30EFAF0094D6EA /* application-pencil-icon-icon.png */ = {isa = PBXFileReference; lastKnownFileType = image.png; path = "application-pencil-icon-icon.png"; sourceTree = "<group>"; };
		615FBDB41F30F2800094D6EA /* 05-Edit-icon.png */ = {isa = PBXFileReference; lastKnownFileType = image.png; path = "05-Edit-icon.png"; sourceTree = "<group>"; };
		615FBDB61F30F48E0094D6EA /* Left_arrow-128.png */ = {isa = PBXFileReference; lastKnownFileType = image.png; path = "Left_arrow-128.png"; sourceTree = "<group>"; };
		615FBDB81F30F5810094D6EA /* Arrow-undo-icon.png */ = {isa = PBXFileReference; lastKnownFileType = image.png; path = "Arrow-undo-icon.png"; sourceTree = "<group>"; };
		615FBDBA1F30F6520094D6EA /* report-go-icon.png */ = {isa = PBXFileReference; lastKnownFileType = image.png; path = "report-go-icon.png"; sourceTree = "<group>"; };
		61AB7D231F08B0880033D4FB /* Phiền.app */ = {isa = PBXFileReference; explicitFileType = wrapper.application; includeInIndex = 0; path = "Phiền.app"; sourceTree = BUILT_PRODUCTS_DIR; };
		61AB7D261F08B0880033D4FB /* AppDelegate.swift */ = {isa = PBXFileReference; lastKnownFileType = sourcecode.swift; path = AppDelegate.swift; sourceTree = "<group>"; };
		61AB7D281F08B0880033D4FB /* ViewController.swift */ = {isa = PBXFileReference; lastKnownFileType = sourcecode.swift; path = ViewController.swift; sourceTree = "<group>"; };
		61AB7D2B1F08B0880033D4FB /* Base */ = {isa = PBXFileReference; lastKnownFileType = file.storyboard; name = Base; path = Base.lproj/Main.storyboard; sourceTree = "<group>"; };
		61AB7D2D1F08B0880033D4FB /* Assets.xcassets */ = {isa = PBXFileReference; lastKnownFileType = folder.assetcatalog; path = Assets.xcassets; sourceTree = "<group>"; };
		61AB7D301F08B0880033D4FB /* Base */ = {isa = PBXFileReference; lastKnownFileType = file.storyboard; name = Base; path = Base.lproj/LaunchScreen.storyboard; sourceTree = "<group>"; };
		61AB7D321F08B0880033D4FB /* Info.plist */ = {isa = PBXFileReference; lastKnownFileType = text.plist.xml; path = Info.plist; sourceTree = "<group>"; };
		61AB7D371F08B0890033D4FB /* PhiềnTests.xctest */ = {isa = PBXFileReference; explicitFileType = wrapper.cfbundle; includeInIndex = 0; path = "PhiềnTests.xctest"; sourceTree = BUILT_PRODUCTS_DIR; };
		61AB7D3B1F08B0890033D4FB /* BlockTeleSellsTests.swift */ = {isa = PBXFileReference; lastKnownFileType = sourcecode.swift; path = BlockTeleSellsTests.swift; sourceTree = "<group>"; };
		61AB7D3D1F08B0890033D4FB /* Info.plist */ = {isa = PBXFileReference; lastKnownFileType = text.plist.xml; path = Info.plist; sourceTree = "<group>"; };
		61AB7D421F08B0890033D4FB /* PhiềnUITests.xctest */ = {isa = PBXFileReference; explicitFileType = wrapper.cfbundle; includeInIndex = 0; path = "PhiềnUITests.xctest"; sourceTree = BUILT_PRODUCTS_DIR; };
		61AB7D461F08B0890033D4FB /* BlockTeleSellsUITests.swift */ = {isa = PBXFileReference; lastKnownFileType = sourcecode.swift; path = BlockTeleSellsUITests.swift; sourceTree = "<group>"; };
		61AB7D481F08B0890033D4FB /* Info.plist */ = {isa = PBXFileReference; lastKnownFileType = text.plist.xml; path = Info.plist; sourceTree = "<group>"; };
		61AB7D541F08B28C0033D4FB /* ContactTableViewCell.swift */ = {isa = PBXFileReference; fileEncoding = 4; lastKnownFileType = sourcecode.swift; name = ContactTableViewCell.swift; path = ../ContactTableViewCell.swift; sourceTree = "<group>"; };
		61AB7D551F08B28C0033D4FB /* ContactTableViewController.swift */ = {isa = PBXFileReference; fileEncoding = 4; lastKnownFileType = sourcecode.swift; name = ContactTableViewController.swift; path = ../ContactTableViewController.swift; sourceTree = "<group>"; };
		61AB7D581F08B28C0033D4FB /* ContactViewController.swift */ = {isa = PBXFileReference; fileEncoding = 4; lastKnownFileType = sourcecode.swift; path = ContactViewController.swift; sourceTree = "<group>"; };
		61AB7D641F08BE690033D4FB /* MMWormhole.framework */ = {isa = PBXFileReference; lastKnownFileType = wrapper.framework; name = MMWormhole.framework; path = Carthage/Build/iOS/MMWormhole.framework; sourceTree = "<group>"; };
		61AB7D651F08BE690033D4FB /* SQLite.framework */ = {isa = PBXFileReference; lastKnownFileType = wrapper.framework; name = SQLite.framework; path = Carthage/Build/iOS/SQLite.framework; sourceTree = "<group>"; };
		61AB7D6C1F08BE960033D4FB /* BTSExtension.appex */ = {isa = PBXFileReference; explicitFileType = "wrapper.app-extension"; includeInIndex = 0; path = BTSExtension.appex; sourceTree = BUILT_PRODUCTS_DIR; };
		61AB7D6E1F08BE960033D4FB /* CallDirectoryHandler.swift */ = {isa = PBXFileReference; lastKnownFileType = sourcecode.swift; path = CallDirectoryHandler.swift; sourceTree = "<group>"; };
		61AB7D701F08BE960033D4FB /* Info.plist */ = {isa = PBXFileReference; lastKnownFileType = text.plist.xml; path = Info.plist; sourceTree = "<group>"; };
		61AB7D821F08C8270033D4FB /* BlockTeleSells.entitlements */ = {isa = PBXFileReference; lastKnownFileType = text.plist.entitlements; path = BlockTeleSells.entitlements; sourceTree = "<group>"; };
		61AB7D831F08C8330033D4FB /* BTSExtension.entitlements */ = {isa = PBXFileReference; lastKnownFileType = text.plist.entitlements; path = BTSExtension.entitlements; sourceTree = "<group>"; };
		61AB7DB11F0957C40033D4FB /* DataManager.framework */ = {isa = PBXFileReference; explicitFileType = wrapper.framework; includeInIndex = 0; path = DataManager.framework; sourceTree = BUILT_PRODUCTS_DIR; };
		61AB7DB31F0957C40033D4FB /* DataManager.h */ = {isa = PBXFileReference; lastKnownFileType = sourcecode.c.h; name = DataManager.h; path = ../DataManager.h; sourceTree = "<group>"; };
		61AB7DB41F0957C40033D4FB /* Info.plist */ = {isa = PBXFileReference; lastKnownFileType = text.plist.xml; path = Info.plist; sourceTree = "<group>"; };
		61AB7DB91F0957C40033D4FB /* DataManagerTests.xctest */ = {isa = PBXFileReference; explicitFileType = wrapper.cfbundle; includeInIndex = 0; path = DataManagerTests.xctest; sourceTree = BUILT_PRODUCTS_DIR; };
		61AB7DC01F0957C50033D4FB /* DataManagerTests.swift */ = {isa = PBXFileReference; lastKnownFileType = sourcecode.swift; path = DataManagerTests.swift; sourceTree = "<group>"; };
		61AB7DC21F0957C50033D4FB /* Info.plist */ = {isa = PBXFileReference; lastKnownFileType = text.plist.xml; path = Info.plist; sourceTree = "<group>"; };
		61AB7DCE1F0957E00033D4FB /* LocalDataManager.swift */ = {isa = PBXFileReference; fileEncoding = 4; lastKnownFileType = sourcecode.swift; name = LocalDataManager.swift; path = ../LocalDataManager.swift; sourceTree = "<group>"; };
		61AB7DD21F0958690033D4FB /* Caller.swift */ = {isa = PBXFileReference; fileEncoding = 4; lastKnownFileType = sourcecode.swift; name = Caller.swift; path = Model/Caller.swift; sourceTree = "<group>"; };
		61AB7DD51F0E8C720033D4FB /* MainViewController.swift */ = {isa = PBXFileReference; fileEncoding = 4; lastKnownFileType = sourcecode.swift; path = MainViewController.swift; sourceTree = "<group>"; };
		61AB7DD81F0E9B820033D4FB /* settings.jpg */ = {isa = PBXFileReference; lastKnownFileType = image.jpeg; path = settings.jpg; sourceTree = "<group>"; };
		61AB7DDA1F0E9C100033D4FB /* settings2.jpg */ = {isa = PBXFileReference; lastKnownFileType = image.jpeg; name = settings2.jpg; path = images/settings2.jpg; sourceTree = SOURCE_ROOT; };
		61AB7DDF1F0EAB7C0033D4FB /* DataService.swift */ = {isa = PBXFileReference; fileEncoding = 4; lastKnownFileType = sourcecode.swift; name = DataService.swift; path = Service/DataService.swift; sourceTree = "<group>"; };
		61AB7DE11F0EAC220033D4FB /* Alamofire.framework */ = {isa = PBXFileReference; lastKnownFileType = wrapper.framework; name = Alamofire.framework; path = Carthage/Build/iOS/Alamofire.framework; sourceTree = "<group>"; };
		61AB7DE61F149A700033D4FB /* SwiftyJSON.framework */ = {isa = PBXFileReference; lastKnownFileType = wrapper.framework; name = SwiftyJSON.framework; path = Carthage/Build/iOS/SwiftyJSON.framework; sourceTree = "<group>"; };
		61AB7DEB1F14D6C40033D4FB /* ObjectMapper.framework */ = {isa = PBXFileReference; lastKnownFileType = wrapper.framework; name = ObjectMapper.framework; path = Carthage/Build/iOS/ObjectMapper.framework; sourceTree = "<group>"; };
		61AB7DF01F14EB040033D4FB /* AlamofireObjectMapper.framework */ = {isa = PBXFileReference; lastKnownFileType = wrapper.framework; name = AlamofireObjectMapper.framework; path = Carthage/Build/iOS/AlamofireObjectMapper.framework; sourceTree = "<group>"; };
		61AB7DF81F17D40A0033D4FB /* DataHelperProtocol.swift */ = {isa = PBXFileReference; fileEncoding = 4; lastKnownFileType = sourcecode.swift; path = DataHelperProtocol.swift; sourceTree = "<group>"; };
		61AB7DFA1F17D4430033D4FB /* CallerDataHelper.swift */ = {isa = PBXFileReference; fileEncoding = 4; lastKnownFileType = sourcecode.swift; name = CallerDataHelper.swift; path = ../CallerDataHelper.swift; sourceTree = "<group>"; };
		61AB7DFC1F17D48B0033D4FB /* SQLiteDataStore.swift */ = {isa = PBXFileReference; fileEncoding = 4; lastKnownFileType = sourcecode.swift; path = SQLiteDataStore.swift; sourceTree = "<group>"; };
		61AB7DFE1F17D5B40033D4FB /* DataAccessError.swift */ = {isa = PBXFileReference; fileEncoding = 4; lastKnownFileType = sourcecode.swift; path = DataAccessError.swift; sourceTree = "<group>"; };
		61AB7E031F193C7F0033D4FB /* Constants.swift */ = {isa = PBXFileReference; fileEncoding = 4; lastKnownFileType = sourcecode.swift; path = Constants.swift; sourceTree = "<group>"; };
		61AB7E071F19477A0033D4FB /* Cartfile */ = {isa = PBXFileReference; fileEncoding = 4; lastKnownFileType = text; path = Cartfile; sourceTree = "<group>"; };
		61AB7E091F19D1DF0033D4FB /* MRCountryPicker.framework */ = {isa = PBXFileReference; lastKnownFileType = wrapper.framework; name = MRCountryPicker.framework; path = Carthage/Build/iOS/MRCountryPicker.framework; sourceTree = "<group>"; };
		61AB7E0E1F19F5570033D4FB /* CategoryDataHelper.swift */ = {isa = PBXFileReference; fileEncoding = 4; lastKnownFileType = sourcecode.swift; path = CategoryDataHelper.swift; sourceTree = "<group>"; };
		61AB7E101F19F6020033D4FB /* Category.swift */ = {isa = PBXFileReference; fileEncoding = 4; lastKnownFileType = sourcecode.swift; path = Category.swift; sourceTree = "<group>"; };
		61AB7E121F1A192F0033D4FB /* Reachability.framework */ = {isa = PBXFileReference; lastKnownFileType = wrapper.framework; name = Reachability.framework; path = Carthage/Build/iOS/Reachability.framework; sourceTree = "<group>"; };
		61AB7E161F1A7F090033D4FB /* SwiftyUserDefaults.framework */ = {isa = PBXFileReference; lastKnownFileType = wrapper.framework; name = SwiftyUserDefaults.framework; path = Carthage/Build/iOS/SwiftyUserDefaults.framework; sourceTree = "<group>"; };
		61AB7E1A1F1BCF230033D4FB /* Configuration.swift */ = {isa = PBXFileReference; fileEncoding = 4; lastKnownFileType = sourcecode.swift; path = Configuration.swift; sourceTree = "<group>"; };
		61AB7E1C1F1BD04A0033D4FB /* Common.swift */ = {isa = PBXFileReference; fileEncoding = 4; lastKnownFileType = sourcecode.swift; path = Common.swift; sourceTree = "<group>"; };
		61AB7E201F226F610033D4FB /* NetworkManager.swift */ = {isa = PBXFileReference; fileEncoding = 4; lastKnownFileType = sourcecode.swift; path = NetworkManager.swift; sourceTree = "<group>"; };
		61B0CB361F23C6B800F7D824 /* JSONStringArrayEncoding.swift */ = {isa = PBXFileReference; fileEncoding = 4; lastKnownFileType = sourcecode.swift; path = JSONStringArrayEncoding.swift; sourceTree = "<group>"; };
		61C7D7F91F2A4FAD004DEBFA /* CallerCategory.swift */ = {isa = PBXFileReference; fileEncoding = 4; lastKnownFileType = sourcecode.swift; name = CallerCategory.swift; path = Model/CallerCategory.swift; sourceTree = "<group>"; };
		61C7D7FB1F2A513F004DEBFA /* CallerCategoryDataHelper.swift */ = {isa = PBXFileReference; fileEncoding = 4; lastKnownFileType = sourcecode.swift; path = CallerCategoryDataHelper.swift; sourceTree = "<group>"; };
		61D2A20D1F49F52A00844DE1 /* Presentation.framework */ = {isa = PBXFileReference; lastKnownFileType = wrapper.framework; name = Presentation.framework; path = Carthage/Build/iOS/Presentation.framework; sourceTree = "<group>"; };
		61D2A2161F49FD2900844DE1 /* Pages.framework */ = {isa = PBXFileReference; lastKnownFileType = wrapper.framework; name = Pages.framework; path = Carthage/Build/iOS/Pages.framework; sourceTree = "<group>"; };
		61D2A2181F49FD3F00844DE1 /* Cartography.framework */ = {isa = PBXFileReference; lastKnownFileType = wrapper.framework; name = Cartography.framework; path = Carthage/Build/iOS/Cartography.framework; sourceTree = "<group>"; };
		61D2A21E1F49FF1000844DE1 /* Phien_guideline_1.png */ = {isa = PBXFileReference; lastKnownFileType = image.png; path = Phien_guideline_1.png; sourceTree = "<group>"; };
		61D2A21F1F49FF1000844DE1 /* Phien_guideline_2.png */ = {isa = PBXFileReference; lastKnownFileType = image.png; path = Phien_guideline_2.png; sourceTree = "<group>"; };
		61D2A2201F49FF1000844DE1 /* Phien_guideline_3.png */ = {isa = PBXFileReference; lastKnownFileType = image.png; path = Phien_guideline_3.png; sourceTree = "<group>"; };
		61D2A2241F4B5E1700844DE1 /* Guideline.swift */ = {isa = PBXFileReference; fileEncoding = 4; lastKnownFileType = sourcecode.swift; path = Guideline.swift; sourceTree = "<group>"; };
		61DE17AE1F34DDCF00C32723 /* Device.swift */ = {isa = PBXFileReference; fileEncoding = 4; lastKnownFileType = sourcecode.swift; name = Device.swift; path = Model/Device.swift; sourceTree = "<group>"; };
		61DE17B01F3583E200C32723 /* PhoneNumberKit.framework */ = {isa = PBXFileReference; lastKnownFileType = wrapper.framework; name = PhoneNumberKit.framework; path = Carthage/Build/iOS/PhoneNumberKit.framework; sourceTree = "<group>"; };
		61DE17B41F35A3E500C32723 /* Data-List-icon.png */ = {isa = PBXFileReference; lastKnownFileType = image.png; path = "Data-List-icon.png"; sourceTree = "<group>"; };
		61DE17B91F3A20A300C32723 /* info-icon.png */ = {isa = PBXFileReference; lastKnownFileType = image.png; path = "info-icon.png"; sourceTree = "<group>"; };
		61DE17BB1F3A218E00C32723 /* Help-icon.png */ = {isa = PBXFileReference; lastKnownFileType = image.png; path = "Help-icon.png"; sourceTree = "<group>"; };
		61DE17BD1F3A291C00C32723 /* SettingsViewController.swift */ = {isa = PBXFileReference; fileEncoding = 4; lastKnownFileType = sourcecode.swift; path = SettingsViewController.swift; sourceTree = "<group>"; };
		61DE17CD1F3E20DF00C32723 /* main_bg.png */ = {isa = PBXFileReference; lastKnownFileType = image.png; path = main_bg.png; sourceTree = "<group>"; };
		61DE17CE1F3E20DF00C32723 /* new_bk_final_choice.png */ = {isa = PBXFileReference; lastKnownFileType = image.png; path = new_bk_final_choice.png; sourceTree = "<group>"; };
		61DE17E71F41FD4100C32723 /* arrow2424.png */ = {isa = PBXFileReference; lastKnownFileType = image.png; path = arrow2424.png; sourceTree = "<group>"; };
		61DE17E81F41FD4100C32723 /* hoi2424.png */ = {isa = PBXFileReference; lastKnownFileType = image.png; path = hoi2424.png; sourceTree = "<group>"; };
		61DE17E91F41FD4100C32723 /* note2424.png */ = {isa = PBXFileReference; lastKnownFileType = image.png; path = note2424.png; sourceTree = "<group>"; };
		61DE17EA1F41FD4100C32723 /* save.png */ = {isa = PBXFileReference; lastKnownFileType = image.png; path = save.png; sourceTree = "<group>"; };
		61E111311F513A5000BE64F7 /* PhienAction.entitlements */ = {isa = PBXFileReference; lastKnownFileType = text.plist.entitlements; path = PhienAction.entitlements; sourceTree = "<group>"; };
		61EA12671F507DDE0092FDC2 /* PhienAction.appex */ = {isa = PBXFileReference; explicitFileType = "wrapper.app-extension"; includeInIndex = 0; path = PhienAction.appex; sourceTree = BUILT_PRODUCTS_DIR; };
		61EA12691F507DDE0092FDC2 /* ActionViewController.swift */ = {isa = PBXFileReference; lastKnownFileType = sourcecode.swift; path = ActionViewController.swift; sourceTree = "<group>"; };
		61EA126C1F507DDE0092FDC2 /* Base */ = {isa = PBXFileReference; lastKnownFileType = file.storyboard; name = Base; path = Base.lproj/MainInterface.storyboard; sourceTree = "<group>"; };
		61EA126E1F507DDE0092FDC2 /* Info.plist */ = {isa = PBXFileReference; lastKnownFileType = text.plist.xml; path = Info.plist; sourceTree = "<group>"; };
		61EA12751F5092950092FDC2 /* Contacts.framework */ = {isa = PBXFileReference; lastKnownFileType = wrapper.framework; name = Contacts.framework; path = System/Library/Frameworks/Contacts.framework; sourceTree = SDKROOT; };
		61EA12761F5092950092FDC2 /* ContactsUI.framework */ = {isa = PBXFileReference; lastKnownFileType = wrapper.framework; name = ContactsUI.framework; path = System/Library/Frameworks/ContactsUI.framework; sourceTree = SDKROOT; };
/* End PBXFileReference section */

/* Begin PBXFrameworksBuildPhase section */
		61AB7D201F08B0880033D4FB /* Frameworks */ = {
			isa = PBXFrameworksBuildPhase;
			buildActionMask = 2147483647;
			files = (
				61D2A2191F49FD3F00844DE1 /* Cartography.framework in Frameworks */,
				61D2A2171F49FD2900844DE1 /* Pages.framework in Frameworks */,
				61D2A2131F49F7E300844DE1 /* Presentation.framework in Frameworks */,
				61D2A21C1F49FD4400844DE1 /* Pages.framework in Frameworks */,
				615FBD821F2E4A360094D6EA /* SwiftValidator.framework in Frameworks */,
				61AB7E0B1F19D1E60033D4FB /* MRCountryPicker.framework in Frameworks */,
				61AB7DF11F14EB040033D4FB /* AlamofireObjectMapper.framework in Frameworks */,
				61AB7DED1F14D6F20033D4FB /* ObjectMapper.framework in Frameworks */,
				61DE17B21F3583ED00C32723 /* PhoneNumberKit.framework in Frameworks */,
				61AB7E181F1A7F150033D4FB /* SwiftyUserDefaults.framework in Frameworks */,
				61AB7DE71F149A700033D4FB /* SwiftyJSON.framework in Frameworks */,
				6134B9851F48B5A600A0DFA7 /* Eureka.framework in Frameworks */,
				61AB7E141F1A197A0033D4FB /* Reachability.framework in Frameworks */,
				615FBD831F2E4A3C0094D6EA /* SwiftValidator.framework in Frameworks */,
				61AB7DE31F0EAEC90033D4FB /* Alamofire.framework in Frameworks */,
				61D2A21A1F49FD4400844DE1 /* Cartography.framework in Frameworks */,
				61AB7DC61F0957C50033D4FB /* DataManager.framework in Frameworks */,
				61AB7D661F08BE690033D4FB /* MMWormhole.framework in Frameworks */,
				61D2A2141F49F7EA00844DE1 /* Presentation.framework in Frameworks */,
				61AB7D7F1F08C5270033D4FB /* SQLite.framework in Frameworks */,
			);
			runOnlyForDeploymentPostprocessing = 0;
		};
		61AB7D341F08B0890033D4FB /* Frameworks */ = {
			isa = PBXFrameworksBuildPhase;
			buildActionMask = 2147483647;
			files = (
			);
			runOnlyForDeploymentPostprocessing = 0;
		};
		61AB7D3F1F08B0890033D4FB /* Frameworks */ = {
			isa = PBXFrameworksBuildPhase;
			buildActionMask = 2147483647;
			files = (
			);
			runOnlyForDeploymentPostprocessing = 0;
		};
		61AB7D691F08BE960033D4FB /* Frameworks */ = {
			isa = PBXFrameworksBuildPhase;
			buildActionMask = 2147483647;
			files = (
				61AB7DD41F0959B20033D4FB /* DataManager.framework in Frameworks */,
				61AB7D781F08BEC10033D4FB /* MMWormhole.framework in Frameworks */,
				61AB7D791F08BEC10033D4FB /* SQLite.framework in Frameworks */,
			);
			runOnlyForDeploymentPostprocessing = 0;
		};
		61AB7DAD1F0957C40033D4FB /* Frameworks */ = {
			isa = PBXFrameworksBuildPhase;
			buildActionMask = 2147483647;
			files = (
				613279E71F494CD000FFE45E /* Eureka.framework in Frameworks */,
				61AB7E171F1A7F090033D4FB /* SwiftyUserDefaults.framework in Frameworks */,
				61AB7E131F1A192F0033D4FB /* Reachability.framework in Frameworks */,
				61AB7DF41F14EB720033D4FB /* AlamofireObjectMapper.framework in Frameworks */,
				61AB7DEC1F14D6C40033D4FB /* ObjectMapper.framework in Frameworks */,
				61AB7DEA1F149A980033D4FB /* SwiftyJSON.framework in Frameworks */,
				61AB7DE21F0EAC220033D4FB /* Alamofire.framework in Frameworks */,
				61AB7DD01F0958380033D4FB /* SQLite.framework in Frameworks */,
			);
			runOnlyForDeploymentPostprocessing = 0;
		};
		61AB7DB61F0957C40033D4FB /* Frameworks */ = {
			isa = PBXFrameworksBuildPhase;
			buildActionMask = 2147483647;
			files = (
				61AB7DBA1F0957C50033D4FB /* DataManager.framework in Frameworks */,
			);
			runOnlyForDeploymentPostprocessing = 0;
		};
		61EA12641F507DDE0092FDC2 /* Frameworks */ = {
			isa = PBXFrameworksBuildPhase;
			buildActionMask = 2147483647;
			files = (
				61E111331F5172CF00BE64F7 /* PhoneNumberKit.framework in Frameworks */,
				61E111321F51480600BE64F7 /* Eureka.framework in Frameworks */,
				61EA12771F5092950092FDC2 /* Contacts.framework in Frameworks */,
				61EA12781F5092950092FDC2 /* ContactsUI.framework in Frameworks */,
			);
			runOnlyForDeploymentPostprocessing = 0;
		};
/* End PBXFrameworksBuildPhase section */

/* Begin PBXGroup section */
		615FBD851F2F9DFE0094D6EA /* images */ = {
			isa = PBXGroup;
			children = (
				615FBD861F2F9DFE0094D6EA /* settings.jpg */,
				615FBD871F2F9DFE0094D6EA /* settings2.jpg */,
				615FBD881F2F9DFE0094D6EA /* Splashscreen-01.png */,
				615FBD891F2F9DFE0094D6EA /* Splashscreen-02.png */,
				615FBD8A1F2F9DFE0094D6EA /* Splashscreen-03.png */,
				615FBD8B1F2F9DFE0094D6EA /* Splashscreen-04.png */,
				615FBD8C1F2F9DFE0094D6EA /* Splashscreen-05.png */,
			);
			path = images;
			sourceTree = "<group>";
		};
		61AB7D1A1F08B0880033D4FB = {
			isa = PBXGroup;
			children = (
				615FBD851F2F9DFE0094D6EA /* images */,
				61AB7E071F19477A0033D4FB /* Cartfile */,
				61AB7D251F08B0880033D4FB /* BlockTeleSells */,
				61AB7D3A1F08B0890033D4FB /* BlockTeleSellsTests */,
				61AB7D451F08B0890033D4FB /* BlockTeleSellsUITests */,
				61AB7D6D1F08BE960033D4FB /* BTSExtension */,
				61AB7DB21F0957C40033D4FB /* DataManager */,
				61AB7DBF1F0957C50033D4FB /* DataManagerTests */,
				61EA12681F507DDE0092FDC2 /* PhienAction */,
				61AB7D241F08B0880033D4FB /* Products */,
				61AB7D631F08BE640033D4FB /* Frameworks */,
			);
			sourceTree = "<group>";
		};
		61AB7D241F08B0880033D4FB /* Products */ = {
			isa = PBXGroup;
			children = (
				61AB7D231F08B0880033D4FB /* Phiền.app */,
				61AB7D371F08B0890033D4FB /* PhiềnTests.xctest */,
				61AB7D421F08B0890033D4FB /* PhiềnUITests.xctest */,
				61AB7D6C1F08BE960033D4FB /* BTSExtension.appex */,
				61AB7DB11F0957C40033D4FB /* DataManager.framework */,
				61AB7DB91F0957C40033D4FB /* DataManagerTests.xctest */,
				61EA12671F507DDE0092FDC2 /* PhienAction.appex */,
			);
			name = Products;
			sourceTree = "<group>";
		};
		61AB7D251F08B0880033D4FB /* BlockTeleSells */ = {
			isa = PBXGroup;
			children = (
				61DE17B61F3630D500C32723 /* Validation */,
				61AB7E021F193C6C0033D4FB /* Common */,
				61AB7D821F08C8270033D4FB /* BlockTeleSells.entitlements */,
				61AB7D561F08B28C0033D4FB /* Controller */,
				61AB7D261F08B0880033D4FB /* AppDelegate.swift */,
				61AB7D281F08B0880033D4FB /* ViewController.swift */,
				61AB7D2A1F08B0880033D4FB /* Main.storyboard */,
				61AB7DD71F0E9B820033D4FB /* images */,
				61AB7D2D1F08B0880033D4FB /* Assets.xcassets */,
				61AB7D2F1F08B0880033D4FB /* LaunchScreen.storyboard */,
				61AB7D321F08B0880033D4FB /* Info.plist */,
			);
			path = BlockTeleSells;
			sourceTree = "<group>";
		};
		61AB7D3A1F08B0890033D4FB /* BlockTeleSellsTests */ = {
			isa = PBXGroup;
			children = (
				61AB7D3B1F08B0890033D4FB /* BlockTeleSellsTests.swift */,
				61AB7D3D1F08B0890033D4FB /* Info.plist */,
			);
			path = BlockTeleSellsTests;
			sourceTree = "<group>";
		};
		61AB7D451F08B0890033D4FB /* BlockTeleSellsUITests */ = {
			isa = PBXGroup;
			children = (
				61AB7D461F08B0890033D4FB /* BlockTeleSellsUITests.swift */,
				61AB7D481F08B0890033D4FB /* Info.plist */,
			);
			path = BlockTeleSellsUITests;
			sourceTree = "<group>";
		};
		61AB7D561F08B28C0033D4FB /* Controller */ = {
			isa = PBXGroup;
			children = (
				61AB7D541F08B28C0033D4FB /* ContactTableViewCell.swift */,
				61AB7D551F08B28C0033D4FB /* ContactTableViewController.swift */,
				61AB7D581F08B28C0033D4FB /* ContactViewController.swift */,
				61AB7DD51F0E8C720033D4FB /* MainViewController.swift */,
				61DE17BD1F3A291C00C32723 /* SettingsViewController.swift */,
				613279E81F494E4E00FFE45E /* NewContactViewController.swift */,
				61D2A2241F4B5E1700844DE1 /* Guideline.swift */,
			);
			path = Controller;
			sourceTree = "<group>";
		};
		61AB7D631F08BE640033D4FB /* Frameworks */ = {
			isa = PBXGroup;
			children = (
				61EA12751F5092950092FDC2 /* Contacts.framework */,
				61EA12761F5092950092FDC2 /* ContactsUI.framework */,
				61D2A2181F49FD3F00844DE1 /* Cartography.framework */,
				61D2A2161F49FD2900844DE1 /* Pages.framework */,
				61D2A20D1F49F52A00844DE1 /* Presentation.framework */,
				6134B9831F48B59D00A0DFA7 /* Eureka.framework */,
				61DE17B01F3583E200C32723 /* PhoneNumberKit.framework */,
				615FBD811F2E4A350094D6EA /* SwiftValidator.framework */,
				61AB7E161F1A7F090033D4FB /* SwiftyUserDefaults.framework */,
				61AB7E121F1A192F0033D4FB /* Reachability.framework */,
				61AB7E091F19D1DF0033D4FB /* MRCountryPicker.framework */,
				61AB7DF01F14EB040033D4FB /* AlamofireObjectMapper.framework */,
				61AB7DEB1F14D6C40033D4FB /* ObjectMapper.framework */,
				61AB7DE61F149A700033D4FB /* SwiftyJSON.framework */,
				61AB7DE11F0EAC220033D4FB /* Alamofire.framework */,
				61AB7D641F08BE690033D4FB /* MMWormhole.framework */,
				61AB7D651F08BE690033D4FB /* SQLite.framework */,
			);
			name = Frameworks;
			sourceTree = "<group>";
		};
		61AB7D6D1F08BE960033D4FB /* BTSExtension */ = {
			isa = PBXGroup;
			children = (
				61AB7D831F08C8330033D4FB /* BTSExtension.entitlements */,
				61AB7D6E1F08BE960033D4FB /* CallDirectoryHandler.swift */,
				61AB7D701F08BE960033D4FB /* Info.plist */,
			);
			path = BTSExtension;
			sourceTree = "<group>";
		};
		61AB7DB21F0957C40033D4FB /* DataManager */ = {
			isa = PBXGroup;
			children = (
				61B0CB351F23C6A600F7D824 /* Extension */,
				61AB7E1F1F226F500033D4FB /* Network */,
				61AB7DF71F17D3E40033D4FB /* DataHelper */,
				61AB7DDC1F0EAB280033D4FB /* Service */,
				61AB7DD11F0958500033D4FB /* Model */,
				61AB7DB41F0957C40033D4FB /* Info.plist */,
			);
			path = DataManager;
			sourceTree = "<group>";
		};
		61AB7DBF1F0957C50033D4FB /* DataManagerTests */ = {
			isa = PBXGroup;
			children = (
				61AB7DC01F0957C50033D4FB /* DataManagerTests.swift */,
				61AB7DC21F0957C50033D4FB /* Info.plist */,
			);
			path = DataManagerTests;
			sourceTree = "<group>";
		};
		61AB7DD11F0958500033D4FB /* Model */ = {
			isa = PBXGroup;
			children = (
				61AB7DD21F0958690033D4FB /* Caller.swift */,
				61AB7E101F19F6020033D4FB /* Category.swift */,
				61C7D7F91F2A4FAD004DEBFA /* CallerCategory.swift */,
				61DE17AE1F34DDCF00C32723 /* Device.swift */,
			);
			name = Model;
			sourceTree = "<group>";
		};
		61AB7DD71F0E9B820033D4FB /* images */ = {
			isa = PBXGroup;
			children = (
				613047DA1F4DEBFE0060449E /* Circle-PNG-Photos-263x279.png */,
				613047D81F4DEA0A0060449E /* Circle-PNG-Image-279x279.png */,
				61D2A21E1F49FF1000844DE1 /* Phien_guideline_1.png */,
				61D2A21F1F49FF1000844DE1 /* Phien_guideline_2.png */,
				61D2A2201F49FF1000844DE1 /* Phien_guideline_3.png */,
				6134B97B1F44B64000A0DFA7 /* autoupdate.png */,
				6134B97C1F44B64000A0DFA7 /* block_c.png */,
				6134B97D1F44B64000A0DFA7 /* phone_c.png */,
				6134B97E1F44B64000A0DFA7 /* settings_c.png */,
				6134B9771F43524C00A0DFA7 /* splash1.jpg */,
				6134B9781F43524C00A0DFA7 /* splash.jpg */,
				6134B9751F434C6D00A0DFA7 /* splash.png */,
				61DE17E71F41FD4100C32723 /* arrow2424.png */,
				61DE17E81F41FD4100C32723 /* hoi2424.png */,
				61DE17E91F41FD4100C32723 /* note2424.png */,
				61DE17EA1F41FD4100C32723 /* save.png */,
				61DE17CD1F3E20DF00C32723 /* main_bg.png */,
				61DE17CE1F3E20DF00C32723 /* new_bk_final_choice.png */,
				61DE17BB1F3A218E00C32723 /* Help-icon.png */,
				61DE17B91F3A20A300C32723 /* info-icon.png */,
				61DE17B41F35A3E500C32723 /* Data-List-icon.png */,
				615FBDBA1F30F6520094D6EA /* report-go-icon.png */,
				615FBDB81F30F5810094D6EA /* Arrow-undo-icon.png */,
				615FBDB61F30F48E0094D6EA /* Left_arrow-128.png */,
				615FBDB41F30F2800094D6EA /* 05-Edit-icon.png */,
				615FBDB21F30EFAF0094D6EA /* application-pencil-icon-icon.png */,
				615FBDB01F30EE950094D6EA /* Apps-text-editor-icon.png */,
				615FBDAE1F30EE310094D6EA /* timer2.png */,
				615FBDAC1F30ED8B0094D6EA /* timer.png */,
				615FBDA81F30E1870094D6EA /* phone-call-icon.png */,
				615FBDA61F30DC070094D6EA /* Apps-system-software-update-icon.png */,
				615FBDA41F30DB460094D6EA /* gear-set.png */,
				615FBDA21F30DAE40094D6EA /* phone-128.png */,
				615FBDA01F30DA7C0094D6EA /* OnOffSwitch.png */,
				615FBD9E1F30D8AE0094D6EA /* onoff.jpeg */,
				615FBD9C1F30D7280094D6EA /* phone_ios7_ios_7.png */,
				615FBD9A1F30D6700094D6EA /* settings_ios7_ios_7.png */,
				615FBD981F30D54D0094D6EA /* settings2.jpeg */,
				615FBD961F30D4EC0094D6EA /* settings.jpeg */,
				615FBD941F30D39E0094D6EA /* background1.jpeg */,
				61AB7DDA1F0E9C100033D4FB /* settings2.jpg */,
				61AB7DD81F0E9B820033D4FB /* settings.jpg */,
			);
			path = images;
			sourceTree = SOURCE_ROOT;
		};
		61AB7DDC1F0EAB280033D4FB /* Service */ = {
			isa = PBXGroup;
			children = (
				61AB7DDF1F0EAB7C0033D4FB /* DataService.swift */,
			);
			name = Service;
			sourceTree = "<group>";
		};
		61AB7DF71F17D3E40033D4FB /* DataHelper */ = {
			isa = PBXGroup;
			children = (
				61AB7DB31F0957C40033D4FB /* DataManager.h */,
				61AB7DCE1F0957E00033D4FB /* LocalDataManager.swift */,
				61AB7E0D1F19F53A0033D4FB /* EntityHelper */,
				61AB7DF81F17D40A0033D4FB /* DataHelperProtocol.swift */,
				61AB7DFC1F17D48B0033D4FB /* SQLiteDataStore.swift */,
				61AB7DFE1F17D5B40033D4FB /* DataAccessError.swift */,
			);
			path = DataHelper;
			sourceTree = "<group>";
		};
		61AB7E021F193C6C0033D4FB /* Common */ = {
			isa = PBXGroup;
			children = (
				61AB7E031F193C7F0033D4FB /* Constants.swift */,
				61AB7E1A1F1BCF230033D4FB /* Configuration.swift */,
				61AB7E1C1F1BD04A0033D4FB /* Common.swift */,
			);
			path = Common;
			sourceTree = "<group>";
		};
		61AB7E0D1F19F53A0033D4FB /* EntityHelper */ = {
			isa = PBXGroup;
			children = (
				61AB7DFA1F17D4430033D4FB /* CallerDataHelper.swift */,
				61AB7E0E1F19F5570033D4FB /* CategoryDataHelper.swift */,
				61C7D7FB1F2A513F004DEBFA /* CallerCategoryDataHelper.swift */,
			);
			path = EntityHelper;
			sourceTree = "<group>";
		};
		61AB7E1F1F226F500033D4FB /* Network */ = {
			isa = PBXGroup;
			children = (
				61AB7E201F226F610033D4FB /* NetworkManager.swift */,
			);
			path = Network;
			sourceTree = "<group>";
		};
		61B0CB351F23C6A600F7D824 /* Extension */ = {
			isa = PBXGroup;
			children = (
				61B0CB361F23C6B800F7D824 /* JSONStringArrayEncoding.swift */,
			);
			path = Extension;
			sourceTree = "<group>";
		};
		61DE17B61F3630D500C32723 /* Validation */ = {
			isa = PBXGroup;
			children = (
			);
			name = Validation;
			sourceTree = "<group>";
		};
		61EA12681F507DDE0092FDC2 /* PhienAction */ = {
			isa = PBXGroup;
			children = (
				61E111311F513A5000BE64F7 /* PhienAction.entitlements */,
				61EA12691F507DDE0092FDC2 /* ActionViewController.swift */,
				61EA126B1F507DDE0092FDC2 /* MainInterface.storyboard */,
				61EA126E1F507DDE0092FDC2 /* Info.plist */,
			);
			path = PhienAction;
			sourceTree = "<group>";
		};
/* End PBXGroup section */

/* Begin PBXHeadersBuildPhase section */
		61AB7DAE1F0957C40033D4FB /* Headers */ = {
			isa = PBXHeadersBuildPhase;
			buildActionMask = 2147483647;
			files = (
				61AB7DC31F0957C50033D4FB /* DataManager.h in Headers */,
			);
			runOnlyForDeploymentPostprocessing = 0;
		};
/* End PBXHeadersBuildPhase section */

/* Begin PBXNativeTarget section */
		61AB7D221F08B0880033D4FB /* Phiền */ = {
			isa = PBXNativeTarget;
			buildConfigurationList = 61AB7D4B1F08B0890033D4FB /* Build configuration list for PBXNativeTarget "Phiền" */;
			buildPhases = (
				61AB7D1F1F08B0880033D4FB /* Sources */,
				61AB7D201F08B0880033D4FB /* Frameworks */,
				61AB7D211F08B0880033D4FB /* Resources */,
				61AB7D771F08BE960033D4FB /* Embed App Extensions */,
				61AB7D811F08C5280033D4FB /* Embed Frameworks */,
			);
			buildRules = (
			);
			dependencies = (
				61AB7D721F08BE960033D4FB /* PBXTargetDependency */,
				61AB7DC51F0957C50033D4FB /* PBXTargetDependency */,
				61EA12701F507DDE0092FDC2 /* PBXTargetDependency */,
			);
			name = "Phiền";
			productName = BlockTeleSells;
			productReference = 61AB7D231F08B0880033D4FB /* Phiền.app */;
			productType = "com.apple.product-type.application";
		};
		61AB7D361F08B0890033D4FB /* PhiềnTests */ = {
			isa = PBXNativeTarget;
			buildConfigurationList = 61AB7D4E1F08B0890033D4FB /* Build configuration list for PBXNativeTarget "PhiềnTests" */;
			buildPhases = (
				61AB7D331F08B0890033D4FB /* Sources */,
				61AB7D341F08B0890033D4FB /* Frameworks */,
				61AB7D351F08B0890033D4FB /* Resources */,
			);
			buildRules = (
			);
			dependencies = (
				61AB7D391F08B0890033D4FB /* PBXTargetDependency */,
			);
			name = "PhiềnTests";
			productName = BlockTeleSellsTests;
			productReference = 61AB7D371F08B0890033D4FB /* PhiềnTests.xctest */;
			productType = "com.apple.product-type.bundle.unit-test";
		};
		61AB7D411F08B0890033D4FB /* PhiềnUITests */ = {
			isa = PBXNativeTarget;
			buildConfigurationList = 61AB7D511F08B0890033D4FB /* Build configuration list for PBXNativeTarget "PhiềnUITests" */;
			buildPhases = (
				61AB7D3E1F08B0890033D4FB /* Sources */,
				61AB7D3F1F08B0890033D4FB /* Frameworks */,
				61AB7D401F08B0890033D4FB /* Resources */,
			);
			buildRules = (
			);
			dependencies = (
				61AB7D441F08B0890033D4FB /* PBXTargetDependency */,
			);
			name = "PhiềnUITests";
			productName = BlockTeleSellsUITests;
			productReference = 61AB7D421F08B0890033D4FB /* PhiềnUITests.xctest */;
			productType = "com.apple.product-type.bundle.ui-testing";
		};
		61AB7D6B1F08BE960033D4FB /* BTSExtension */ = {
			isa = PBXNativeTarget;
			buildConfigurationList = 61AB7D741F08BE960033D4FB /* Build configuration list for PBXNativeTarget "BTSExtension" */;
			buildPhases = (
				61AB7D681F08BE960033D4FB /* Sources */,
				61AB7D691F08BE960033D4FB /* Frameworks */,
				61AB7D6A1F08BE960033D4FB /* Resources */,
			);
			buildRules = (
			);
			dependencies = (
			);
			name = BTSExtension;
			productName = BTSExtension;
			productReference = 61AB7D6C1F08BE960033D4FB /* BTSExtension.appex */;
			productType = "com.apple.product-type.app-extension";
		};
		61AB7DB01F0957C40033D4FB /* DataManager */ = {
			isa = PBXNativeTarget;
			buildConfigurationList = 61AB7DC81F0957C50033D4FB /* Build configuration list for PBXNativeTarget "DataManager" */;
			buildPhases = (
				61AB7DAC1F0957C40033D4FB /* Sources */,
				61AB7DAD1F0957C40033D4FB /* Frameworks */,
				61AB7DAE1F0957C40033D4FB /* Headers */,
				61AB7DAF1F0957C40033D4FB /* Resources */,
			);
			buildRules = (
			);
			dependencies = (
			);
			name = DataManager;
			productName = DataManager;
			productReference = 61AB7DB11F0957C40033D4FB /* DataManager.framework */;
			productType = "com.apple.product-type.framework";
		};
		61AB7DB81F0957C40033D4FB /* DataManagerTests */ = {
			isa = PBXNativeTarget;
			buildConfigurationList = 61AB7DCB1F0957C50033D4FB /* Build configuration list for PBXNativeTarget "DataManagerTests" */;
			buildPhases = (
				61AB7DB51F0957C40033D4FB /* Sources */,
				61AB7DB61F0957C40033D4FB /* Frameworks */,
				61AB7DB71F0957C40033D4FB /* Resources */,
			);
			buildRules = (
			);
			dependencies = (
				61AB7DBC1F0957C50033D4FB /* PBXTargetDependency */,
				61AB7DBE1F0957C50033D4FB /* PBXTargetDependency */,
			);
			name = DataManagerTests;
			productName = DataManagerTests;
			productReference = 61AB7DB91F0957C40033D4FB /* DataManagerTests.xctest */;
			productType = "com.apple.product-type.bundle.unit-test";
		};
		61EA12661F507DDE0092FDC2 /* PhienAction */ = {
			isa = PBXNativeTarget;
			buildConfigurationList = 61EA12741F507DDE0092FDC2 /* Build configuration list for PBXNativeTarget "PhienAction" */;
			buildPhases = (
				61EA12631F507DDE0092FDC2 /* Sources */,
				61EA12641F507DDE0092FDC2 /* Frameworks */,
				61EA12651F507DDE0092FDC2 /* Resources */,
			);
			buildRules = (
			);
			dependencies = (
			);
			name = PhienAction;
			productName = PhienAction;
			productReference = 61EA12671F507DDE0092FDC2 /* PhienAction.appex */;
			productType = "com.apple.product-type.app-extension";
		};
/* End PBXNativeTarget section */

/* Begin PBXProject section */
		61AB7D1B1F08B0880033D4FB /* Project object */ = {
			isa = PBXProject;
			attributes = {
				LastSwiftUpdateCheck = 0830;
				LastUpgradeCheck = 0830;
				ORGANIZATIONNAME = STEPHENTRAN;
				TargetAttributes = {
					61AB7D221F08B0880033D4FB = {
						CreatedOnToolsVersion = 8.3.3;
						DevelopmentTeam = N587TKJV47;
						ProvisioningStyle = Automatic;
						SystemCapabilities = {
							com.apple.ApplicationGroups.iOS = {
								enabled = 1;
							};
							com.apple.BackgroundModes = {
								enabled = 1;
							};
						};
					};
					61AB7D361F08B0890033D4FB = {
						CreatedOnToolsVersion = 8.3.3;
						DevelopmentTeam = N587TKJV47;
						ProvisioningStyle = Automatic;
						TestTargetID = 61AB7D221F08B0880033D4FB;
					};
					61AB7D411F08B0890033D4FB = {
						CreatedOnToolsVersion = 8.3.3;
						DevelopmentTeam = N587TKJV47;
						ProvisioningStyle = Automatic;
						TestTargetID = 61AB7D221F08B0880033D4FB;
					};
					61AB7D6B1F08BE960033D4FB = {
						CreatedOnToolsVersion = 8.3.3;
						DevelopmentTeam = N587TKJV47;
						ProvisioningStyle = Automatic;
						SystemCapabilities = {
							com.apple.ApplicationGroups.iOS = {
								enabled = 1;
							};
						};
					};
					61AB7DB01F0957C40033D4FB = {
						CreatedOnToolsVersion = 8.3.3;
						DevelopmentTeam = N587TKJV47;
						LastSwiftMigration = 0830;
						ProvisioningStyle = Automatic;
					};
					61AB7DB81F0957C40033D4FB = {
						CreatedOnToolsVersion = 8.3.3;
						DevelopmentTeam = N587TKJV47;
						ProvisioningStyle = Automatic;
						TestTargetID = 61AB7D221F08B0880033D4FB;
					};
					61EA12661F507DDE0092FDC2 = {
						CreatedOnToolsVersion = 8.3.3;
						DevelopmentTeam = N587TKJV47;
						ProvisioningStyle = Automatic;
						SystemCapabilities = {
							com.apple.ApplicationGroups.iOS = {
								enabled = 1;
							};
						};
					};
				};
			};
			buildConfigurationList = 61AB7D1E1F08B0880033D4FB /* Build configuration list for PBXProject "Phiền" */;
			compatibilityVersion = "Xcode 3.2";
			developmentRegion = English;
			hasScannedForEncodings = 0;
			knownRegions = (
				en,
				Base,
			);
			mainGroup = 61AB7D1A1F08B0880033D4FB;
			productRefGroup = 61AB7D241F08B0880033D4FB /* Products */;
			projectDirPath = "";
			projectRoot = "";
			targets = (
				61AB7D221F08B0880033D4FB /* Phiền */,
				61AB7D361F08B0890033D4FB /* PhiềnTests */,
				61AB7D411F08B0890033D4FB /* PhiềnUITests */,
				61AB7D6B1F08BE960033D4FB /* BTSExtension */,
				61AB7DB01F0957C40033D4FB /* DataManager */,
				61AB7DB81F0957C40033D4FB /* DataManagerTests */,
				61EA12661F507DDE0092FDC2 /* PhienAction */,
			);
		};
/* End PBXProject section */

/* Begin PBXResourcesBuildPhase section */
		61AB7D211F08B0880033D4FB /* Resources */ = {
			isa = PBXResourcesBuildPhase;
			buildActionMask = 2147483647;
			files = (
				61AB7E081F19477A0033D4FB /* Cartfile in Resources */,
				613047D91F4DEA0A0060449E /* Circle-PNG-Image-279x279.png in Resources */,
				61DE17ED1F41FD4100C32723 /* note2424.png in Resources */,
				6134B9761F434C6D00A0DFA7 /* splash.png in Resources */,
				61DE17EB1F41FD4100C32723 /* arrow2424.png in Resources */,
				615FBD8D1F2F9DFE0094D6EA /* settings.jpg in Resources */,
				615FBDAF1F30EE310094D6EA /* timer2.png in Resources */,
				615FBDB91F30F5810094D6EA /* Arrow-undo-icon.png in Resources */,
				615FBD9F1F30D8AE0094D6EA /* onoff.jpeg in Resources */,
				6134B97A1F43524C00A0DFA7 /* splash.jpg in Resources */,
				615FBD931F2F9DFE0094D6EA /* Splashscreen-05.png in Resources */,
				61DE17B51F35A3E500C32723 /* Data-List-icon.png in Resources */,
				615FBDA31F30DAE40094D6EA /* phone-128.png in Resources */,
				61DE17BA1F3A20A300C32723 /* info-icon.png in Resources */,
				615FBDA11F30DA7C0094D6EA /* OnOffSwitch.png in Resources */,
				615FBD921F2F9DFE0094D6EA /* Splashscreen-04.png in Resources */,
				6134B9811F44B64000A0DFA7 /* phone_c.png in Resources */,
				615FBDB71F30F48E0094D6EA /* Left_arrow-128.png in Resources */,
				615FBDA71F30DC070094D6EA /* Apps-system-software-update-icon.png in Resources */,
				61DE17D01F3E20DF00C32723 /* new_bk_final_choice.png in Resources */,
				61AB7DD91F0E9B820033D4FB /* settings.jpg in Resources */,
				6134B9821F44B64000A0DFA7 /* settings_c.png in Resources */,
				61D2A2211F49FF1000844DE1 /* Phien_guideline_1.png in Resources */,
				615FBD991F30D54D0094D6EA /* settings2.jpeg in Resources */,
				615FBDA51F30DB460094D6EA /* gear-set.png in Resources */,
				61AB7D311F08B0880033D4FB /* LaunchScreen.storyboard in Resources */,
				615FBD971F30D4EC0094D6EA /* settings.jpeg in Resources */,
				615FBDB31F30EFAF0094D6EA /* application-pencil-icon-icon.png in Resources */,
				615FBDAD1F30ED8B0094D6EA /* timer.png in Resources */,
				61AB7DDB1F0E9C100033D4FB /* settings2.jpg in Resources */,
				61AB7D2E1F08B0880033D4FB /* Assets.xcassets in Resources */,
				61DE17EE1F41FD4100C32723 /* save.png in Resources */,
				615FBDB51F30F2800094D6EA /* 05-Edit-icon.png in Resources */,
				61DE17BC1F3A218E00C32723 /* Help-icon.png in Resources */,
				613047DB1F4DEBFE0060449E /* Circle-PNG-Photos-263x279.png in Resources */,
				6134B9791F43524C00A0DFA7 /* splash1.jpg in Resources */,
				615FBDA91F30E1870094D6EA /* phone-call-icon.png in Resources */,
				615FBD901F2F9DFE0094D6EA /* Splashscreen-02.png in Resources */,
				61AB7D2C1F08B0880033D4FB /* Main.storyboard in Resources */,
				61DE17EC1F41FD4100C32723 /* hoi2424.png in Resources */,
				615FBD9D1F30D7280094D6EA /* phone_ios7_ios_7.png in Resources */,
				615FBD8E1F2F9DFE0094D6EA /* settings2.jpg in Resources */,
				61D2A2231F49FF1000844DE1 /* Phien_guideline_3.png in Resources */,
				615FBDBB1F30F6520094D6EA /* report-go-icon.png in Resources */,
				615FBD8F1F2F9DFE0094D6EA /* Splashscreen-01.png in Resources */,
				61DE17CF1F3E20DF00C32723 /* main_bg.png in Resources */,
				615FBD911F2F9DFE0094D6EA /* Splashscreen-03.png in Resources */,
				615FBD951F30D39E0094D6EA /* background1.jpeg in Resources */,
				6134B97F1F44B64000A0DFA7 /* autoupdate.png in Resources */,
				6134B9801F44B64000A0DFA7 /* block_c.png in Resources */,
				615FBDB11F30EE950094D6EA /* Apps-text-editor-icon.png in Resources */,
				61D2A2221F49FF1000844DE1 /* Phien_guideline_2.png in Resources */,
				615FBD9B1F30D6700094D6EA /* settings_ios7_ios_7.png in Resources */,
			);
			runOnlyForDeploymentPostprocessing = 0;
		};
		61AB7D351F08B0890033D4FB /* Resources */ = {
			isa = PBXResourcesBuildPhase;
			buildActionMask = 2147483647;
			files = (
			);
			runOnlyForDeploymentPostprocessing = 0;
		};
		61AB7D401F08B0890033D4FB /* Resources */ = {
			isa = PBXResourcesBuildPhase;
			buildActionMask = 2147483647;
			files = (
			);
			runOnlyForDeploymentPostprocessing = 0;
		};
		61AB7D6A1F08BE960033D4FB /* Resources */ = {
			isa = PBXResourcesBuildPhase;
			buildActionMask = 2147483647;
			files = (
			);
			runOnlyForDeploymentPostprocessing = 0;
		};
		61AB7DAF1F0957C40033D4FB /* Resources */ = {
			isa = PBXResourcesBuildPhase;
			buildActionMask = 2147483647;
			files = (
			);
			runOnlyForDeploymentPostprocessing = 0;
		};
		61AB7DB71F0957C40033D4FB /* Resources */ = {
			isa = PBXResourcesBuildPhase;
			buildActionMask = 2147483647;
			files = (
			);
			runOnlyForDeploymentPostprocessing = 0;
		};
		61EA12651F507DDE0092FDC2 /* Resources */ = {
			isa = PBXResourcesBuildPhase;
			buildActionMask = 2147483647;
			files = (
				61EA126D1F507DDE0092FDC2 /* MainInterface.storyboard in Resources */,
			);
			runOnlyForDeploymentPostprocessing = 0;
		};
/* End PBXResourcesBuildPhase section */

/* Begin PBXSourcesBuildPhase section */
		61AB7D1F1F08B0880033D4FB /* Sources */ = {
			isa = PBXSourcesBuildPhase;
			buildActionMask = 2147483647;
			files = (
				61AB7DD61F0E8C720033D4FB /* MainViewController.swift in Sources */,
				613279E91F494E4E00FFE45E /* NewContactViewController.swift in Sources */,
				61AB7D5E1F08B28C0033D4FB /* ContactTableViewController.swift in Sources */,
				61AB7E1B1F1BCF230033D4FB /* Configuration.swift in Sources */,
				61DE17BE1F3A291C00C32723 /* SettingsViewController.swift in Sources */,
				61AB7D5D1F08B28C0033D4FB /* ContactTableViewCell.swift in Sources */,
				61AB7D291F08B0880033D4FB /* ViewController.swift in Sources */,
				61AB7D271F08B0880033D4FB /* AppDelegate.swift in Sources */,
				61D2A2251F4B5E1700844DE1 /* Guideline.swift in Sources */,
				61AB7D601F08B28C0033D4FB /* ContactViewController.swift in Sources */,
				61AB7E1D1F1BD04A0033D4FB /* Common.swift in Sources */,
				61AB7E041F193C7F0033D4FB /* Constants.swift in Sources */,
			);
			runOnlyForDeploymentPostprocessing = 0;
		};
		61AB7D331F08B0890033D4FB /* Sources */ = {
			isa = PBXSourcesBuildPhase;
			buildActionMask = 2147483647;
			files = (
				61AB7D3C1F08B0890033D4FB /* BlockTeleSellsTests.swift in Sources */,
			);
			runOnlyForDeploymentPostprocessing = 0;
		};
		61AB7D3E1F08B0890033D4FB /* Sources */ = {
			isa = PBXSourcesBuildPhase;
			buildActionMask = 2147483647;
			files = (
				61AB7D471F08B0890033D4FB /* BlockTeleSellsUITests.swift in Sources */,
			);
			runOnlyForDeploymentPostprocessing = 0;
		};
		61AB7D681F08BE960033D4FB /* Sources */ = {
			isa = PBXSourcesBuildPhase;
			buildActionMask = 2147483647;
			files = (
				61AB7D6F1F08BE960033D4FB /* CallDirectoryHandler.swift in Sources */,
			);
			runOnlyForDeploymentPostprocessing = 0;
		};
		61AB7DAC1F0957C40033D4FB /* Sources */ = {
			isa = PBXSourcesBuildPhase;
			buildActionMask = 2147483647;
			files = (
				61AB7DE01F0EAB7C0033D4FB /* DataService.swift in Sources */,
				61AB7DFD1F17D48B0033D4FB /* SQLiteDataStore.swift in Sources */,
				61C7D7FC1F2A513F004DEBFA /* CallerCategoryDataHelper.swift in Sources */,
				61AB7E211F226F610033D4FB /* NetworkManager.swift in Sources */,
				61AB7DD31F0958690033D4FB /* Caller.swift in Sources */,
				61DE17AF1F34DDCF00C32723 /* Device.swift in Sources */,
				61AB7E0F1F19F5570033D4FB /* CategoryDataHelper.swift in Sources */,
				61AB7DCF1F0957E00033D4FB /* LocalDataManager.swift in Sources */,
				61AB7E111F19F6020033D4FB /* Category.swift in Sources */,
				61AB7DFB1F17D4430033D4FB /* CallerDataHelper.swift in Sources */,
				61AB7DFF1F17D5B40033D4FB /* DataAccessError.swift in Sources */,
				61B0CB371F23C6B800F7D824 /* JSONStringArrayEncoding.swift in Sources */,
				61AB7DF91F17D40A0033D4FB /* DataHelperProtocol.swift in Sources */,
				61C7D7FA1F2A4FAD004DEBFA /* CallerCategory.swift in Sources */,
			);
			runOnlyForDeploymentPostprocessing = 0;
		};
		61AB7DB51F0957C40033D4FB /* Sources */ = {
			isa = PBXSourcesBuildPhase;
			buildActionMask = 2147483647;
			files = (
				61AB7DC11F0957C50033D4FB /* DataManagerTests.swift in Sources */,
			);
			runOnlyForDeploymentPostprocessing = 0;
		};
		61EA12631F507DDE0092FDC2 /* Sources */ = {
			isa = PBXSourcesBuildPhase;
			buildActionMask = 2147483647;
			files = (
				61EA126A1F507DDE0092FDC2 /* ActionViewController.swift in Sources */,
			);
			runOnlyForDeploymentPostprocessing = 0;
		};
/* End PBXSourcesBuildPhase section */

/* Begin PBXTargetDependency section */
		61AB7D391F08B0890033D4FB /* PBXTargetDependency */ = {
			isa = PBXTargetDependency;
			target = 61AB7D221F08B0880033D4FB /* Phiền */;
			targetProxy = 61AB7D381F08B0890033D4FB /* PBXContainerItemProxy */;
		};
		61AB7D441F08B0890033D4FB /* PBXTargetDependency */ = {
			isa = PBXTargetDependency;
			target = 61AB7D221F08B0880033D4FB /* Phiền */;
			targetProxy = 61AB7D431F08B0890033D4FB /* PBXContainerItemProxy */;
		};
		61AB7D721F08BE960033D4FB /* PBXTargetDependency */ = {
			isa = PBXTargetDependency;
			target = 61AB7D6B1F08BE960033D4FB /* BTSExtension */;
			targetProxy = 61AB7D711F08BE960033D4FB /* PBXContainerItemProxy */;
		};
		61AB7DBC1F0957C50033D4FB /* PBXTargetDependency */ = {
			isa = PBXTargetDependency;
			target = 61AB7DB01F0957C40033D4FB /* DataManager */;
			targetProxy = 61AB7DBB1F0957C50033D4FB /* PBXContainerItemProxy */;
		};
		61AB7DBE1F0957C50033D4FB /* PBXTargetDependency */ = {
			isa = PBXTargetDependency;
			target = 61AB7D221F08B0880033D4FB /* Phiền */;
			targetProxy = 61AB7DBD1F0957C50033D4FB /* PBXContainerItemProxy */;
		};
		61AB7DC51F0957C50033D4FB /* PBXTargetDependency */ = {
			isa = PBXTargetDependency;
			target = 61AB7DB01F0957C40033D4FB /* DataManager */;
			targetProxy = 61AB7DC41F0957C50033D4FB /* PBXContainerItemProxy */;
		};
		61EA12701F507DDE0092FDC2 /* PBXTargetDependency */ = {
			isa = PBXTargetDependency;
			target = 61EA12661F507DDE0092FDC2 /* PhienAction */;
			targetProxy = 61EA126F1F507DDE0092FDC2 /* PBXContainerItemProxy */;
		};
/* End PBXTargetDependency section */

/* Begin PBXVariantGroup section */
		61AB7D2A1F08B0880033D4FB /* Main.storyboard */ = {
			isa = PBXVariantGroup;
			children = (
				61AB7D2B1F08B0880033D4FB /* Base */,
			);
			name = Main.storyboard;
			sourceTree = "<group>";
		};
		61AB7D2F1F08B0880033D4FB /* LaunchScreen.storyboard */ = {
			isa = PBXVariantGroup;
			children = (
				61AB7D301F08B0880033D4FB /* Base */,
			);
			name = LaunchScreen.storyboard;
			sourceTree = "<group>";
		};
		61EA126B1F507DDE0092FDC2 /* MainInterface.storyboard */ = {
			isa = PBXVariantGroup;
			children = (
				61EA126C1F507DDE0092FDC2 /* Base */,
			);
			name = MainInterface.storyboard;
			sourceTree = "<group>";
		};
/* End PBXVariantGroup section */

/* Begin XCBuildConfiguration section */
		61AB7D491F08B0890033D4FB /* Debug */ = {
			isa = XCBuildConfiguration;
			buildSettings = {
				ALWAYS_SEARCH_USER_PATHS = NO;
				CLANG_ANALYZER_NONNULL = YES;
				CLANG_ANALYZER_NUMBER_OBJECT_CONVERSION = YES_AGGRESSIVE;
				CLANG_CXX_LANGUAGE_STANDARD = "gnu++0x";
				CLANG_CXX_LIBRARY = "libc++";
				CLANG_ENABLE_MODULES = YES;
				CLANG_ENABLE_OBJC_ARC = YES;
				CLANG_WARN_BOOL_CONVERSION = YES;
				CLANG_WARN_CONSTANT_CONVERSION = YES;
				CLANG_WARN_DIRECT_OBJC_ISA_USAGE = YES_ERROR;
				CLANG_WARN_DOCUMENTATION_COMMENTS = YES;
				CLANG_WARN_EMPTY_BODY = YES;
				CLANG_WARN_ENUM_CONVERSION = YES;
				CLANG_WARN_INFINITE_RECURSION = YES;
				CLANG_WARN_INT_CONVERSION = YES;
				CLANG_WARN_OBJC_ROOT_CLASS = YES_ERROR;
				CLANG_WARN_SUSPICIOUS_MOVE = YES;
				CLANG_WARN_UNREACHABLE_CODE = YES;
				CLANG_WARN__DUPLICATE_METHOD_MATCH = YES;
				"CODE_SIGN_IDENTITY[sdk=iphoneos*]" = "iPhone Developer";
				COPY_PHASE_STRIP = NO;
				DEBUG_INFORMATION_FORMAT = dwarf;
				ENABLE_STRICT_OBJC_MSGSEND = YES;
				ENABLE_TESTABILITY = YES;
				GCC_C_LANGUAGE_STANDARD = gnu99;
				GCC_DYNAMIC_NO_PIC = NO;
				GCC_NO_COMMON_BLOCKS = YES;
				GCC_OPTIMIZATION_LEVEL = 0;
				GCC_PREPROCESSOR_DEFINITIONS = (
					"DEBUG=1",
					"$(inherited)",
				);
				GCC_WARN_64_TO_32_BIT_CONVERSION = YES;
				GCC_WARN_ABOUT_RETURN_TYPE = YES_ERROR;
				GCC_WARN_UNDECLARED_SELECTOR = YES;
				GCC_WARN_UNINITIALIZED_AUTOS = YES_AGGRESSIVE;
				GCC_WARN_UNUSED_FUNCTION = YES;
				GCC_WARN_UNUSED_VARIABLE = YES;
				IPHONEOS_DEPLOYMENT_TARGET = 10.0;
				MTL_ENABLE_DEBUG_INFO = YES;
				ONLY_ACTIVE_ARCH = YES;
				SDKROOT = iphoneos;
				SWIFT_ACTIVE_COMPILATION_CONDITIONS = DEBUG;
				SWIFT_OPTIMIZATION_LEVEL = "-Onone";
			};
			name = Debug;
		};
		61AB7D4A1F08B0890033D4FB /* Release */ = {
			isa = XCBuildConfiguration;
			buildSettings = {
				ALWAYS_SEARCH_USER_PATHS = NO;
				CLANG_ANALYZER_NONNULL = YES;
				CLANG_ANALYZER_NUMBER_OBJECT_CONVERSION = YES_AGGRESSIVE;
				CLANG_CXX_LANGUAGE_STANDARD = "gnu++0x";
				CLANG_CXX_LIBRARY = "libc++";
				CLANG_ENABLE_MODULES = YES;
				CLANG_ENABLE_OBJC_ARC = YES;
				CLANG_WARN_BOOL_CONVERSION = YES;
				CLANG_WARN_CONSTANT_CONVERSION = YES;
				CLANG_WARN_DIRECT_OBJC_ISA_USAGE = YES_ERROR;
				CLANG_WARN_DOCUMENTATION_COMMENTS = YES;
				CLANG_WARN_EMPTY_BODY = YES;
				CLANG_WARN_ENUM_CONVERSION = YES;
				CLANG_WARN_INFINITE_RECURSION = YES;
				CLANG_WARN_INT_CONVERSION = YES;
				CLANG_WARN_OBJC_ROOT_CLASS = YES_ERROR;
				CLANG_WARN_SUSPICIOUS_MOVE = YES;
				CLANG_WARN_UNREACHABLE_CODE = YES;
				CLANG_WARN__DUPLICATE_METHOD_MATCH = YES;
				"CODE_SIGN_IDENTITY[sdk=iphoneos*]" = "iPhone Developer";
				COPY_PHASE_STRIP = NO;
				DEBUG_INFORMATION_FORMAT = "dwarf-with-dsym";
				ENABLE_NS_ASSERTIONS = NO;
				ENABLE_STRICT_OBJC_MSGSEND = YES;
				GCC_C_LANGUAGE_STANDARD = gnu99;
				GCC_NO_COMMON_BLOCKS = YES;
				GCC_WARN_64_TO_32_BIT_CONVERSION = YES;
				GCC_WARN_ABOUT_RETURN_TYPE = YES_ERROR;
				GCC_WARN_UNDECLARED_SELECTOR = YES;
				GCC_WARN_UNINITIALIZED_AUTOS = YES_AGGRESSIVE;
				GCC_WARN_UNUSED_FUNCTION = YES;
				GCC_WARN_UNUSED_VARIABLE = YES;
				IPHONEOS_DEPLOYMENT_TARGET = 10.0;
				MTL_ENABLE_DEBUG_INFO = NO;
				SDKROOT = iphoneos;
				SWIFT_OPTIMIZATION_LEVEL = "-Owholemodule";
				VALIDATE_PRODUCT = YES;
			};
			name = Release;
		};
		61AB7D4C1F08B0890033D4FB /* Debug */ = {
			isa = XCBuildConfiguration;
			buildSettings = {
				ALWAYS_EMBED_SWIFT_STANDARD_LIBRARIES = YES;
				ASSETCATALOG_COMPILER_APPICON_NAME = AppIcon;
				CODE_SIGN_ENTITLEMENTS = BlockTeleSells/BlockTeleSells.entitlements;
				DEVELOPMENT_TEAM = N587TKJV47;
				FRAMEWORK_SEARCH_PATHS = (
					"$(inherited)",
					"$(PROJECT_DIR)/Carthage/Build/iOS",
				);
				INFOPLIST_FILE = BlockTeleSells/Info.plist;
				IPHONEOS_DEPLOYMENT_TARGET = 10.0;
				LD_RUNPATH_SEARCH_PATHS = "$(inherited) @executable_path/Frameworks";
				PRODUCT_BUNDLE_IDENTIFIER = com.ste.CallBlock;
				PRODUCT_NAME = "$(TARGET_NAME)";
				SWIFT_VERSION = 3.0;
			};
			name = Debug;
		};
		61AB7D4D1F08B0890033D4FB /* Release */ = {
			isa = XCBuildConfiguration;
			buildSettings = {
				ALWAYS_EMBED_SWIFT_STANDARD_LIBRARIES = YES;
				ASSETCATALOG_COMPILER_APPICON_NAME = AppIcon;
				CODE_SIGN_ENTITLEMENTS = BlockTeleSells/BlockTeleSells.entitlements;
				DEVELOPMENT_TEAM = N587TKJV47;
				FRAMEWORK_SEARCH_PATHS = (
					"$(inherited)",
					"$(PROJECT_DIR)/Carthage/Build/iOS",
				);
				INFOPLIST_FILE = BlockTeleSells/Info.plist;
				IPHONEOS_DEPLOYMENT_TARGET = 10.0;
				LD_RUNPATH_SEARCH_PATHS = "$(inherited) @executable_path/Frameworks";
				PRODUCT_BUNDLE_IDENTIFIER = com.ste.CallBlock;
				PRODUCT_NAME = "$(TARGET_NAME)";
				SWIFT_VERSION = 3.0;
			};
			name = Release;
		};
		61AB7D4F1F08B0890033D4FB /* Debug */ = {
			isa = XCBuildConfiguration;
			buildSettings = {
				ALWAYS_EMBED_SWIFT_STANDARD_LIBRARIES = YES;
				BUNDLE_LOADER = "$(TEST_HOST)";
				DEVELOPMENT_TEAM = N587TKJV47;
				INFOPLIST_FILE = BlockTeleSellsTests/Info.plist;
				LD_RUNPATH_SEARCH_PATHS = "$(inherited) @executable_path/Frameworks @loader_path/Frameworks";
				PRODUCT_BUNDLE_IDENTIFIER = com.ste.BlockTeleSellsTests;
				PRODUCT_NAME = "$(TARGET_NAME)";
				SWIFT_VERSION = 3.0;
				TEST_HOST = "$(BUILT_PRODUCTS_DIR)/Phiền.app/Phiền";
			};
			name = Debug;
		};
		61AB7D501F08B0890033D4FB /* Release */ = {
			isa = XCBuildConfiguration;
			buildSettings = {
				ALWAYS_EMBED_SWIFT_STANDARD_LIBRARIES = YES;
				BUNDLE_LOADER = "$(TEST_HOST)";
				DEVELOPMENT_TEAM = N587TKJV47;
				INFOPLIST_FILE = BlockTeleSellsTests/Info.plist;
				LD_RUNPATH_SEARCH_PATHS = "$(inherited) @executable_path/Frameworks @loader_path/Frameworks";
				PRODUCT_BUNDLE_IDENTIFIER = com.ste.BlockTeleSellsTests;
				PRODUCT_NAME = "$(TARGET_NAME)";
				SWIFT_VERSION = 3.0;
				TEST_HOST = "$(BUILT_PRODUCTS_DIR)/Phiền.app/Phiền";
			};
			name = Release;
		};
		61AB7D521F08B0890033D4FB /* Debug */ = {
			isa = XCBuildConfiguration;
			buildSettings = {
				ALWAYS_EMBED_SWIFT_STANDARD_LIBRARIES = YES;
				DEVELOPMENT_TEAM = N587TKJV47;
				INFOPLIST_FILE = BlockTeleSellsUITests/Info.plist;
				LD_RUNPATH_SEARCH_PATHS = "$(inherited) @executable_path/Frameworks @loader_path/Frameworks";
				PRODUCT_BUNDLE_IDENTIFIER = com.ste.BlockTeleSellsUITests;
				PRODUCT_NAME = "$(TARGET_NAME)";
				SWIFT_VERSION = 3.0;
				TEST_TARGET_NAME = BlockTeleSells;
			};
			name = Debug;
		};
		61AB7D531F08B0890033D4FB /* Release */ = {
			isa = XCBuildConfiguration;
			buildSettings = {
				ALWAYS_EMBED_SWIFT_STANDARD_LIBRARIES = YES;
				DEVELOPMENT_TEAM = N587TKJV47;
				INFOPLIST_FILE = BlockTeleSellsUITests/Info.plist;
				LD_RUNPATH_SEARCH_PATHS = "$(inherited) @executable_path/Frameworks @loader_path/Frameworks";
				PRODUCT_BUNDLE_IDENTIFIER = com.ste.BlockTeleSellsUITests;
				PRODUCT_NAME = "$(TARGET_NAME)";
				SWIFT_VERSION = 3.0;
				TEST_TARGET_NAME = BlockTeleSells;
			};
			name = Release;
		};
		61AB7D751F08BE960033D4FB /* Debug */ = {
			isa = XCBuildConfiguration;
			buildSettings = {
				ARCHS = "$(ARCHS_STANDARD_64_BIT)";
				CODE_SIGN_ENTITLEMENTS = BTSExtension/BTSExtension.entitlements;
				"CODE_SIGN_IDENTITY[sdk=iphoneos*]" = "iPhone Developer";
				DEVELOPMENT_TEAM = N587TKJV47;
				FRAMEWORK_SEARCH_PATHS = (
					"$(inherited)",
					"$(PROJECT_DIR)/Carthage/Build/iOS",
				);
				INFOPLIST_FILE = BTSExtension/Info.plist;
				IPHONEOS_DEPLOYMENT_TARGET = 10.0;
				LD_RUNPATH_SEARCH_PATHS = "$(inherited) @executable_path/Frameworks @executable_path/../../Frameworks";
				PRODUCT_BUNDLE_IDENTIFIER = com.ste.CallBlock.CallBlockExtension;
				PRODUCT_NAME = "$(TARGET_NAME)";
				PROVISIONING_PROFILE_SPECIFIER = "";
				SKIP_INSTALL = YES;
				SWIFT_VERSION = 3.0;
			};
			name = Debug;
		};
		61AB7D761F08BE960033D4FB /* Release */ = {
			isa = XCBuildConfiguration;
			buildSettings = {
				ARCHS = "$(ARCHS_STANDARD_64_BIT)";
				CODE_SIGN_ENTITLEMENTS = BTSExtension/BTSExtension.entitlements;
				"CODE_SIGN_IDENTITY[sdk=iphoneos*]" = "iPhone Developer";
				DEVELOPMENT_TEAM = N587TKJV47;
				FRAMEWORK_SEARCH_PATHS = (
					"$(inherited)",
					"$(PROJECT_DIR)/Carthage/Build/iOS",
				);
				INFOPLIST_FILE = BTSExtension/Info.plist;
				IPHONEOS_DEPLOYMENT_TARGET = 10.0;
				LD_RUNPATH_SEARCH_PATHS = "$(inherited) @executable_path/Frameworks @executable_path/../../Frameworks";
				PRODUCT_BUNDLE_IDENTIFIER = com.ste.CallBlock.CallBlockExtension;
				PRODUCT_NAME = "$(TARGET_NAME)";
				PROVISIONING_PROFILE_SPECIFIER = "";
				SKIP_INSTALL = YES;
				SWIFT_VERSION = 3.0;
			};
			name = Release;
		};
		61AB7DC91F0957C50033D4FB /* Debug */ = {
			isa = XCBuildConfiguration;
			buildSettings = {
				CLANG_ENABLE_MODULES = YES;
				CODE_SIGN_IDENTITY = "";
				CURRENT_PROJECT_VERSION = 1;
				DEFINES_MODULE = YES;
				DEVELOPMENT_TEAM = N587TKJV47;
				DYLIB_COMPATIBILITY_VERSION = 1;
				DYLIB_CURRENT_VERSION = 1;
				DYLIB_INSTALL_NAME_BASE = "@rpath";
				FRAMEWORK_SEARCH_PATHS = (
					"$(inherited)",
					"$(PROJECT_DIR)/Carthage/Build/iOS",
				);
				INFOPLIST_FILE = DataManager/Info.plist;
				INSTALL_PATH = "$(LOCAL_LIBRARY_DIR)/Frameworks";
				IPHONEOS_DEPLOYMENT_TARGET = 10.0;
				LD_RUNPATH_SEARCH_PATHS = "$(inherited) @executable_path/Frameworks @loader_path/Frameworks";
				PRODUCT_BUNDLE_IDENTIFIER = com.ste.LocalDataManager;
				PRODUCT_NAME = "$(TARGET_NAME)";
				SKIP_INSTALL = YES;
				SWIFT_OPTIMIZATION_LEVEL = "-Onone";
				SWIFT_VERSION = 3.0;
				TARGETED_DEVICE_FAMILY = "1,2";
				VERSIONING_SYSTEM = "apple-generic";
				VERSION_INFO_PREFIX = "";
			};
			name = Debug;
		};
		61AB7DCA1F0957C50033D4FB /* Release */ = {
			isa = XCBuildConfiguration;
			buildSettings = {
				CLANG_ENABLE_MODULES = YES;
				CODE_SIGN_IDENTITY = "";
				CURRENT_PROJECT_VERSION = 1;
				DEFINES_MODULE = YES;
				DEVELOPMENT_TEAM = N587TKJV47;
				DYLIB_COMPATIBILITY_VERSION = 1;
				DYLIB_CURRENT_VERSION = 1;
				DYLIB_INSTALL_NAME_BASE = "@rpath";
				FRAMEWORK_SEARCH_PATHS = (
					"$(inherited)",
					"$(PROJECT_DIR)/Carthage/Build/iOS",
				);
				INFOPLIST_FILE = DataManager/Info.plist;
				INSTALL_PATH = "$(LOCAL_LIBRARY_DIR)/Frameworks";
				IPHONEOS_DEPLOYMENT_TARGET = 10.0;
				LD_RUNPATH_SEARCH_PATHS = "$(inherited) @executable_path/Frameworks @loader_path/Frameworks";
				PRODUCT_BUNDLE_IDENTIFIER = com.ste.LocalDataManager;
				PRODUCT_NAME = "$(TARGET_NAME)";
				SKIP_INSTALL = YES;
				SWIFT_VERSION = 3.0;
				TARGETED_DEVICE_FAMILY = "1,2";
				VERSIONING_SYSTEM = "apple-generic";
				VERSION_INFO_PREFIX = "";
			};
			name = Release;
		};
		61AB7DCC1F0957C50033D4FB /* Debug */ = {
			isa = XCBuildConfiguration;
			buildSettings = {
				ALWAYS_EMBED_SWIFT_STANDARD_LIBRARIES = YES;
				DEVELOPMENT_TEAM = N587TKJV47;
				INFOPLIST_FILE = DataManagerTests/Info.plist;
				LD_RUNPATH_SEARCH_PATHS = "$(inherited) @executable_path/Frameworks @loader_path/Frameworks";
				PRODUCT_BUNDLE_IDENTIFIER = com.ste.DataManagerTests;
				PRODUCT_NAME = "$(TARGET_NAME)";
				SWIFT_VERSION = 3.0;
				TEST_HOST = "$(BUILT_PRODUCTS_DIR)/Phiền.app/Phiền";
			};
			name = Debug;
		};
		61AB7DCD1F0957C50033D4FB /* Release */ = {
			isa = XCBuildConfiguration;
			buildSettings = {
				ALWAYS_EMBED_SWIFT_STANDARD_LIBRARIES = YES;
				DEVELOPMENT_TEAM = N587TKJV47;
				INFOPLIST_FILE = DataManagerTests/Info.plist;
				LD_RUNPATH_SEARCH_PATHS = "$(inherited) @executable_path/Frameworks @loader_path/Frameworks";
				PRODUCT_BUNDLE_IDENTIFIER = com.ste.DataManagerTests;
				PRODUCT_NAME = "$(TARGET_NAME)";
				SWIFT_VERSION = 3.0;
				TEST_HOST = "$(BUILT_PRODUCTS_DIR)/Phiền.app/Phiền";
			};
			name = Release;
		};
		61EA12721F507DDE0092FDC2 /* Debug */ = {
			isa = XCBuildConfiguration;
			buildSettings = {
				CODE_SIGN_ENTITLEMENTS = PhienAction/PhienAction.entitlements;
				DEVELOPMENT_TEAM = N587TKJV47;
				FRAMEWORK_SEARCH_PATHS = (
					"$(inherited)",
					"$(PROJECT_DIR)/Carthage/Build/iOS",
				);
				INFOPLIST_FILE = PhienAction/Info.plist;
				IPHONEOS_DEPLOYMENT_TARGET = 10.3;
				LD_RUNPATH_SEARCH_PATHS = "$(inherited) @executable_path/Frameworks @executable_path/../../Frameworks";
				PRODUCT_BUNDLE_IDENTIFIER = com.ste.CallBlock.PhienAction;
				PRODUCT_NAME = "$(TARGET_NAME)";
				SKIP_INSTALL = YES;
				SWIFT_VERSION = 3.0;
			};
			name = Debug;
		};
		61EA12731F507DDE0092FDC2 /* Release */ = {
			isa = XCBuildConfiguration;
			buildSettings = {
				CODE_SIGN_ENTITLEMENTS = PhienAction/PhienAction.entitlements;
				DEVELOPMENT_TEAM = N587TKJV47;
				FRAMEWORK_SEARCH_PATHS = (
					"$(inherited)",
					"$(PROJECT_DIR)/Carthage/Build/iOS",
				);
				INFOPLIST_FILE = PhienAction/Info.plist;
				IPHONEOS_DEPLOYMENT_TARGET = 10.3;
				LD_RUNPATH_SEARCH_PATHS = "$(inherited) @executable_path/Frameworks @executable_path/../../Frameworks";
				PRODUCT_BUNDLE_IDENTIFIER = com.ste.CallBlock.PhienAction;
				PRODUCT_NAME = "$(TARGET_NAME)";
				SKIP_INSTALL = YES;
				SWIFT_VERSION = 3.0;
			};
			name = Release;
		};
/* End XCBuildConfiguration section */

/* Begin XCConfigurationList section */
		61AB7D1E1F08B0880033D4FB /* Build configuration list for PBXProject "Phiền" */ = {
			isa = XCConfigurationList;
			buildConfigurations = (
				61AB7D491F08B0890033D4FB /* Debug */,
				61AB7D4A1F08B0890033D4FB /* Release */,
			);
			defaultConfigurationIsVisible = 0;
			defaultConfigurationName = Release;
		};
		61AB7D4B1F08B0890033D4FB /* Build configuration list for PBXNativeTarget "Phiền" */ = {
			isa = XCConfigurationList;
			buildConfigurations = (
				61AB7D4C1F08B0890033D4FB /* Debug */,
				61AB7D4D1F08B0890033D4FB /* Release */,
			);
			defaultConfigurationIsVisible = 0;
			defaultConfigurationName = Release;
		};
		61AB7D4E1F08B0890033D4FB /* Build configuration list for PBXNativeTarget "PhiềnTests" */ = {
			isa = XCConfigurationList;
			buildConfigurations = (
				61AB7D4F1F08B0890033D4FB /* Debug */,
				61AB7D501F08B0890033D4FB /* Release */,
			);
			defaultConfigurationIsVisible = 0;
			defaultConfigurationName = Release;
		};
		61AB7D511F08B0890033D4FB /* Build configuration list for PBXNativeTarget "PhiềnUITests" */ = {
			isa = XCConfigurationList;
			buildConfigurations = (
				61AB7D521F08B0890033D4FB /* Debug */,
				61AB7D531F08B0890033D4FB /* Release */,
			);
			defaultConfigurationIsVisible = 0;
			defaultConfigurationName = Release;
		};
		61AB7D741F08BE960033D4FB /* Build configuration list for PBXNativeTarget "BTSExtension" */ = {
			isa = XCConfigurationList;
			buildConfigurations = (
				61AB7D751F08BE960033D4FB /* Debug */,
				61AB7D761F08BE960033D4FB /* Release */,
			);
			defaultConfigurationIsVisible = 0;
			defaultConfigurationName = Release;
		};
		61AB7DC81F0957C50033D4FB /* Build configuration list for PBXNativeTarget "DataManager" */ = {
			isa = XCConfigurationList;
			buildConfigurations = (
				61AB7DC91F0957C50033D4FB /* Debug */,
				61AB7DCA1F0957C50033D4FB /* Release */,
			);
			defaultConfigurationIsVisible = 0;
			defaultConfigurationName = Release;
		};
		61AB7DCB1F0957C50033D4FB /* Build configuration list for PBXNativeTarget "DataManagerTests" */ = {
			isa = XCConfigurationList;
			buildConfigurations = (
				61AB7DCC1F0957C50033D4FB /* Debug */,
				61AB7DCD1F0957C50033D4FB /* Release */,
			);
			defaultConfigurationIsVisible = 0;
			defaultConfigurationName = Release;
		};
		61EA12741F507DDE0092FDC2 /* Build configuration list for PBXNativeTarget "PhienAction" */ = {
			isa = XCConfigurationList;
			buildConfigurations = (
				61EA12721F507DDE0092FDC2 /* Debug */,
				61EA12731F507DDE0092FDC2 /* Release */,
			);
			defaultConfigurationIsVisible = 0;
			defaultConfigurationName = Release;
		};
/* End XCConfigurationList section */
	};
	rootObject = 61AB7D1B1F08B0880033D4FB /* Project object */;
}
